// !$*UTF8*$!
{
	archiveVersion = 1;
	classes = {
	};
	objectVersion = 56;
	objects = {

/* Begin PBXBuildFile section */
		CA2567052C56A060009F13A2 /* Test3DView.swift in Sources */ = {isa = PBXBuildFile; fileRef = CA2567042C56A060009F13A2 /* Test3DView.swift */; };
		CA2CA1B12C591682001D8B89 /* JwtManager.swift in Sources */ = {isa = PBXBuildFile; fileRef = CA2CA1B02C591682001D8B89 /* JwtManager.swift */; };
		CA45F4442C5500FC007CE06E /* BookDetailView.swift in Sources */ = {isa = PBXBuildFile; fileRef = CA45F4432C5500FC007CE06E /* BookDetailView.swift */; };
		CA45F4462C550108007CE06E /* BookDetailViewModel.swift in Sources */ = {isa = PBXBuildFile; fileRef = CA45F4452C550108007CE06E /* BookDetailViewModel.swift */; };
		CA4FC6A62C4E987100525570 /* TextFieldModifier.swift in Sources */ = {isa = PBXBuildFile; fileRef = CA4FC6A52C4E987100525570 /* TextFieldModifier.swift */; };
		CA4FC6A92C4E993B00525570 /* ButtonModifier.swift in Sources */ = {isa = PBXBuildFile; fileRef = CA4FC6A82C4E993B00525570 /* ButtonModifier.swift */; };
		CA4FC6AD2C4EC3BC00525570 /* BackButtonModifier.swift in Sources */ = {isa = PBXBuildFile; fileRef = CA4FC6AC2C4EC3BC00525570 /* BackButtonModifier.swift */; };
		CA6609BC2C4D4BE30091091F /* User.swift in Sources */ = {isa = PBXBuildFile; fileRef = CA6609BB2C4D4BE30091091F /* User.swift */; };
		CA6609BE2C4D4C590091091F /* LoginViewModel.swift in Sources */ = {isa = PBXBuildFile; fileRef = CA6609BD2C4D4C580091091F /* LoginViewModel.swift */; };
		CA6609C22C4D4C8E0091091F /* AuthManager.swift in Sources */ = {isa = PBXBuildFile; fileRef = CA6609C12C4D4C8E0091091F /* AuthManager.swift */; };
		CA6AAC2C2C4B8CA10045449E /* ShareBookApp.swift in Sources */ = {isa = PBXBuildFile; fileRef = CA6AAC2B2C4B8CA10045449E /* ShareBookApp.swift */; };
		CA6AAC2E2C4B8CA10045449E /* ContentView.swift in Sources */ = {isa = PBXBuildFile; fileRef = CA6AAC2D2C4B8CA10045449E /* ContentView.swift */; };
		CA6AAC302C4B8CA20045449E /* Assets.xcassets in Resources */ = {isa = PBXBuildFile; fileRef = CA6AAC2F2C4B8CA20045449E /* Assets.xcassets */; };
		CA6AAC332C4B8CA20045449E /* Preview Assets.xcassets in Resources */ = {isa = PBXBuildFile; fileRef = CA6AAC322C4B8CA20045449E /* Preview Assets.xcassets */; };
		CA6AC97E2C53CA3900703DB5 /* ProfileViewModel.swift in Sources */ = {isa = PBXBuildFile; fileRef = CA6AC97D2C53CA3900703DB5 /* ProfileViewModel.swift */; };
		CA83A48D2C4CB57F004F06E7 /* MyPostsView.swift in Sources */ = {isa = PBXBuildFile; fileRef = CA83A48C2C4CB57F004F06E7 /* MyPostsView.swift */; };
		CA83A4912C4CB74B004F06E7 /* LoginView.swift in Sources */ = {isa = PBXBuildFile; fileRef = CA83A4902C4CB74B004F06E7 /* LoginView.swift */; };
		CA8EDE912C5356A500641983 /* LoginViewModel+Apple.swift in Sources */ = {isa = PBXBuildFile; fileRef = CA8EDE902C5356A500641983 /* LoginViewModel+Apple.swift */; };
		CA91CDE72C56558A00793F34 /* scatteredBook3D.splineswift in Resources */ = {isa = PBXBuildFile; fileRef = CA91CDE62C56558A00793F34 /* scatteredBook3D.splineswift */; };
		CA91CDE92C56559200793F34 /* girl3D.splineswift in Resources */ = {isa = PBXBuildFile; fileRef = CA91CDE82C56559200793F34 /* girl3D.splineswift */; };
		CA91CDEB2C56559A00793F34 /* fullGirl3D.splineswift in Resources */ = {isa = PBXBuildFile; fileRef = CA91CDEA2C56559A00793F34 /* fullGirl3D.splineswift */; };
		CAA0C5F22C54992200E7433D /* ProfileEditView.swift in Sources */ = {isa = PBXBuildFile; fileRef = CAA0C5F12C54992200E7433D /* ProfileEditView.swift */; };
		CAA0C5F52C549FE300E7433D /* NewPostSearchView.swift in Sources */ = {isa = PBXBuildFile; fileRef = CAA0C5F42C549FE300E7433D /* NewPostSearchView.swift */; };
		CAA0C5FD2C54B34600E7433D /* HttpMethod.swift in Sources */ = {isa = PBXBuildFile; fileRef = CAA0C5FC2C54B34600E7433D /* HttpMethod.swift */; };
		CAA0C5FF2C54B38600E7433D /* Book.swift in Sources */ = {isa = PBXBuildFile; fileRef = CAA0C5FE2C54B38600E7433D /* Book.swift */; };
		CAA0C6012C54B39300E7433D /* BookList.swift in Sources */ = {isa = PBXBuildFile; fileRef = CAA0C6002C54B39300E7433D /* BookList.swift */; };
		CAA0C6032C54B3F300E7433D /* HttpManager.swift in Sources */ = {isa = PBXBuildFile; fileRef = CAA0C6022C54B3F300E7433D /* HttpManager.swift */; };
		CAA0C6052C54B5E200E7433D /* HttpManager+NaverBook.swift in Sources */ = {isa = PBXBuildFile; fileRef = CAA0C6042C54B5E200E7433D /* HttpManager+NaverBook.swift */; };
		CAA0C6072C54B82C00E7433D /* NewPostSearchViewModel.swift in Sources */ = {isa = PBXBuildFile; fileRef = CAA0C6062C54B82C00E7433D /* NewPostSearchViewModel.swift */; };
		CAAFE01F2C4FC72600953557 /* Girl3DView.swift in Sources */ = {isa = PBXBuildFile; fileRef = CAAFE01E2C4FC72600953557 /* Girl3DView.swift */; };
		CABE31B92C4CAA450010AC20 /* GoogleService-Info.plist in Resources */ = {isa = PBXBuildFile; fileRef = CABE31B82C4CAA450010AC20 /* GoogleService-Info.plist */; };
		CABE31BC2C4CAB090010AC20 /* FirebaseAuth in Frameworks */ = {isa = PBXBuildFile; productRef = CABE31BB2C4CAB090010AC20 /* FirebaseAuth */; };
		CABE31BE2C4CAB090010AC20 /* FirebaseFirestore in Frameworks */ = {isa = PBXBuildFile; productRef = CABE31BD2C4CAB090010AC20 /* FirebaseFirestore */; };
		CABE31C02C4CAB090010AC20 /* FirebaseFirestoreSwift in Frameworks */ = {isa = PBXBuildFile; productRef = CABE31BF2C4CAB090010AC20 /* FirebaseFirestoreSwift */; };
		CABE31C22C4CAB090010AC20 /* FirebaseStorage in Frameworks */ = {isa = PBXBuildFile; productRef = CABE31C12C4CAB090010AC20 /* FirebaseStorage */; };
		CABE31C52C4CAD390010AC20 /* Kingfisher in Frameworks */ = {isa = PBXBuildFile; productRef = CABE31C42C4CAD390010AC20 /* Kingfisher */; };
		CABE31C72C4CADA60010AC20 /* MainTabView.swift in Sources */ = {isa = PBXBuildFile; fileRef = CABE31C62C4CADA60010AC20 /* MainTabView.swift */; };
		CABE31C92C4CAE170010AC20 /* ProfileView.swift in Sources */ = {isa = PBXBuildFile; fileRef = CABE31C82C4CAE170010AC20 /* ProfileView.swift */; };
		CABE31CB2C4CAE550010AC20 /* PostsView.swift in Sources */ = {isa = PBXBuildFile; fileRef = CABE31CA2C4CAE550010AC20 /* PostsView.swift */; };
		CAC116E02C573FB40047E7D4 /* BookManager.swift in Sources */ = {isa = PBXBuildFile; fileRef = CAC116DF2C573FB40047E7D4 /* BookManager.swift */; };
		CAC3304A2C4F38FB003C8A71 /* FullGirl3DView.swift in Sources */ = {isa = PBXBuildFile; fileRef = CAC330492C4F38FB003C8A71 /* FullGirl3DView.swift */; };
		CAC3304E2C4F4327003C8A71 /* SplineRuntime in Frameworks */ = {isa = PBXBuildFile; productRef = CAC3304D2C4F4327003C8A71 /* SplineRuntime */; };
		CAD0F36A2C4DF2D7006ABFD1 /* SignupViewModel.swift in Sources */ = {isa = PBXBuildFile; fileRef = CAD0F3692C4DF2D7006ABFD1 /* SignupViewModel.swift */; };
		CAD0F3732C4E11C6006ABFD1 /* EnterEmailView.swift in Sources */ = {isa = PBXBuildFile; fileRef = CAD0F3722C4E11C6006ABFD1 /* EnterEmailView.swift */; };
		CAD0F3752C4E1618006ABFD1 /* ItalicFontModifier.swift in Sources */ = {isa = PBXBuildFile; fileRef = CAD0F3742C4E1618006ABFD1 /* ItalicFontModifier.swift */; };
		CAD0F3772C4E1B9C006ABFD1 /* GradientBackgroundView.swift in Sources */ = {isa = PBXBuildFile; fileRef = CAD0F3762C4E1B9C006ABFD1 /* GradientBackgroundView.swift */; };
		CAD8FE052C55EAD5000E3150 /* ScatteredBook3DView.swift in Sources */ = {isa = PBXBuildFile; fileRef = CAD8FE042C55EAD5000E3150 /* ScatteredBook3DView.swift */; };
		CAD8FEFE2C53D6900000446B /* ImageManager.swift in Sources */ = {isa = PBXBuildFile; fileRef = CAD8FEFD2C53D6900000446B /* ImageManager.swift */; };
		CADBA2F42C4E63CD001C6445 /* EnterPasswordView.swift in Sources */ = {isa = PBXBuildFile; fileRef = CADBA2F32C4E63CD001C6445 /* EnterPasswordView.swift */; };
		CADBA2F82C4E63DF001C6445 /* EnterUsernameView.swift in Sources */ = {isa = PBXBuildFile; fileRef = CADBA2F72C4E63DF001C6445 /* EnterUsernameView.swift */; };
		CADBA2FA2C4E63FE001C6445 /* CompleteSignupView.swift in Sources */ = {isa = PBXBuildFile; fileRef = CADBA2F92C4E63FE001C6445 /* CompleteSignupView.swift */; };
		CADBA2FD2C4E757C001C6445 /* MyError.swift in Sources */ = {isa = PBXBuildFile; fileRef = CADBA2FC2C4E757C001C6445 /* MyError.swift */; };
		CAE3AC9B2C54F02800EE5AC5 /* NewPostSearchCellView.swift in Sources */ = {isa = PBXBuildFile; fileRef = CAE3AC9A2C54F02800EE5AC5 /* NewPostSearchCellView.swift */; };
		CAE3AC9D2C54F08200EE5AC5 /* NewPostSearchCellViewModel.swift in Sources */ = {isa = PBXBuildFile; fileRef = CAE3AC9C2C54F08200EE5AC5 /* NewPostSearchCellViewModel.swift */; };
		CAE6015B2C5096D30013413C /* SplashView.swift in Sources */ = {isa = PBXBuildFile; fileRef = CAE6015A2C5096D30013413C /* SplashView.swift */; };
		CAE6015E2C50F5D50013413C /* KakaoSDKAuth in Frameworks */ = {isa = PBXBuildFile; productRef = CAE6015D2C50F5D50013413C /* KakaoSDKAuth */; };
		CAE601602C50F5D50013413C /* KakaoSDKCommon in Frameworks */ = {isa = PBXBuildFile; productRef = CAE6015F2C50F5D50013413C /* KakaoSDKCommon */; };
		CAE601622C50F5D50013413C /* KakaoSDKUser in Frameworks */ = {isa = PBXBuildFile; productRef = CAE601612C50F5D50013413C /* KakaoSDKUser */; };
		CAE601652C50FCB90013413C /* LoginViewModel+Kakao.swift in Sources */ = {isa = PBXBuildFile; fileRef = CAE601642C50FCB80013413C /* LoginViewModel+Kakao.swift */; };
		CAE601682C5100FA0013413C /* .gitignore in Resources */ = {isa = PBXBuildFile; fileRef = CAE601672C5100FA0013413C /* .gitignore */; };
		CAEDAB532C5A00B80077883E /* AuthManager+Hash.swift in Sources */ = {isa = PBXBuildFile; fileRef = CAEDAB522C5A00B80077883E /* AuthManager+Hash.swift */; };
		CAEDAB562C5A015A0077883E /* CryptoSwift in Frameworks */ = {isa = PBXBuildFile; productRef = CAEDAB552C5A015A0077883E /* CryptoSwift */; };
		CAEDAB582C5A4BF20077883E /* AccountRelatedView.swift in Sources */ = {isa = PBXBuildFile; fileRef = CAEDAB572C5A4BF20077883E /* AccountRelatedView.swift */; };
		CAEDAB5A2C5A54D60077883E /* SocialLoginEditView.swift in Sources */ = {isa = PBXBuildFile; fileRef = CAEDAB592C5A54D60077883E /* SocialLoginEditView.swift */; };
		CAEDAB5C2C5A61800077883E /* SocialLoginEditViewModel.swift in Sources */ = {isa = PBXBuildFile; fileRef = CAEDAB5B2C5A61800077883E /* SocialLoginEditViewModel.swift */; };
		CAFE2C272C54F655000A3047 /* Alamofire in Frameworks */ = {isa = PBXBuildFile; productRef = CAFE2C262C54F655000A3047 /* Alamofire */; };
/* End PBXBuildFile section */

/* Begin PBXFileReference section */
		CA2567042C56A060009F13A2 /* Test3DView.swift */ = {isa = PBXFileReference; lastKnownFileType = sourcecode.swift; path = Test3DView.swift; sourceTree = "<group>"; };
		CA2CA1B02C591682001D8B89 /* JwtManager.swift */ = {isa = PBXFileReference; lastKnownFileType = sourcecode.swift; path = JwtManager.swift; sourceTree = "<group>"; };
		CA45F4432C5500FC007CE06E /* BookDetailView.swift */ = {isa = PBXFileReference; lastKnownFileType = sourcecode.swift; path = BookDetailView.swift; sourceTree = "<group>"; };
		CA45F4452C550108007CE06E /* BookDetailViewModel.swift */ = {isa = PBXFileReference; lastKnownFileType = sourcecode.swift; path = BookDetailViewModel.swift; sourceTree = "<group>"; };
		CA4FC6A52C4E987100525570 /* TextFieldModifier.swift */ = {isa = PBXFileReference; lastKnownFileType = sourcecode.swift; path = TextFieldModifier.swift; sourceTree = "<group>"; };
		CA4FC6A82C4E993B00525570 /* ButtonModifier.swift */ = {isa = PBXFileReference; lastKnownFileType = sourcecode.swift; path = ButtonModifier.swift; sourceTree = "<group>"; };
		CA4FC6AC2C4EC3BC00525570 /* BackButtonModifier.swift */ = {isa = PBXFileReference; lastKnownFileType = sourcecode.swift; path = BackButtonModifier.swift; sourceTree = "<group>"; };
		CA6609BB2C4D4BE30091091F /* User.swift */ = {isa = PBXFileReference; lastKnownFileType = sourcecode.swift; path = User.swift; sourceTree = "<group>"; };
		CA6609BD2C4D4C580091091F /* LoginViewModel.swift */ = {isa = PBXFileReference; lastKnownFileType = sourcecode.swift; path = LoginViewModel.swift; sourceTree = "<group>"; };
		CA6609C12C4D4C8E0091091F /* AuthManager.swift */ = {isa = PBXFileReference; lastKnownFileType = sourcecode.swift; path = AuthManager.swift; sourceTree = "<group>"; };
		CA6AAC282C4B8CA10045449E /* ShareBook.app */ = {isa = PBXFileReference; explicitFileType = wrapper.application; includeInIndex = 0; path = ShareBook.app; sourceTree = BUILT_PRODUCTS_DIR; };
		CA6AAC2B2C4B8CA10045449E /* ShareBookApp.swift */ = {isa = PBXFileReference; lastKnownFileType = sourcecode.swift; path = ShareBookApp.swift; sourceTree = "<group>"; };
		CA6AAC2D2C4B8CA10045449E /* ContentView.swift */ = {isa = PBXFileReference; lastKnownFileType = sourcecode.swift; path = ContentView.swift; sourceTree = "<group>"; };
		CA6AAC2F2C4B8CA20045449E /* Assets.xcassets */ = {isa = PBXFileReference; lastKnownFileType = folder.assetcatalog; path = Assets.xcassets; sourceTree = "<group>"; };
		CA6AAC322C4B8CA20045449E /* Preview Assets.xcassets */ = {isa = PBXFileReference; lastKnownFileType = folder.assetcatalog; path = "Preview Assets.xcassets"; sourceTree = "<group>"; };
		CA6AC97D2C53CA3900703DB5 /* ProfileViewModel.swift */ = {isa = PBXFileReference; lastKnownFileType = sourcecode.swift; path = ProfileViewModel.swift; sourceTree = "<group>"; };
		CA83A48C2C4CB57F004F06E7 /* MyPostsView.swift */ = {isa = PBXFileReference; lastKnownFileType = sourcecode.swift; path = MyPostsView.swift; sourceTree = "<group>"; };
		CA83A4902C4CB74B004F06E7 /* LoginView.swift */ = {isa = PBXFileReference; lastKnownFileType = sourcecode.swift; path = LoginView.swift; sourceTree = "<group>"; };
		CA8EDE8F2C534D7600641983 /* ShareBook.entitlements */ = {isa = PBXFileReference; lastKnownFileType = text.plist.entitlements; path = ShareBook.entitlements; sourceTree = "<group>"; };
		CA8EDE902C5356A500641983 /* LoginViewModel+Apple.swift */ = {isa = PBXFileReference; lastKnownFileType = sourcecode.swift; path = "LoginViewModel+Apple.swift"; sourceTree = "<group>"; };
		CA91CDE62C56558A00793F34 /* scatteredBook3D.splineswift */ = {isa = PBXFileReference; lastKnownFileType = file; path = scatteredBook3D.splineswift; sourceTree = "<group>"; };
		CA91CDE82C56559200793F34 /* girl3D.splineswift */ = {isa = PBXFileReference; lastKnownFileType = file; path = girl3D.splineswift; sourceTree = "<group>"; };
		CA91CDEA2C56559A00793F34 /* fullGirl3D.splineswift */ = {isa = PBXFileReference; lastKnownFileType = file; path = fullGirl3D.splineswift; sourceTree = "<group>"; };
		CAA0C5F12C54992200E7433D /* ProfileEditView.swift */ = {isa = PBXFileReference; lastKnownFileType = sourcecode.swift; path = ProfileEditView.swift; sourceTree = "<group>"; };
		CAA0C5F42C549FE300E7433D /* NewPostSearchView.swift */ = {isa = PBXFileReference; lastKnownFileType = sourcecode.swift; path = NewPostSearchView.swift; sourceTree = "<group>"; };
		CAA0C5FC2C54B34600E7433D /* HttpMethod.swift */ = {isa = PBXFileReference; lastKnownFileType = sourcecode.swift; path = HttpMethod.swift; sourceTree = "<group>"; };
		CAA0C5FE2C54B38600E7433D /* Book.swift */ = {isa = PBXFileReference; lastKnownFileType = sourcecode.swift; path = Book.swift; sourceTree = "<group>"; };
		CAA0C6002C54B39300E7433D /* BookList.swift */ = {isa = PBXFileReference; lastKnownFileType = sourcecode.swift; path = BookList.swift; sourceTree = "<group>"; };
		CAA0C6022C54B3F300E7433D /* HttpManager.swift */ = {isa = PBXFileReference; lastKnownFileType = sourcecode.swift; path = HttpManager.swift; sourceTree = "<group>"; };
		CAA0C6042C54B5E200E7433D /* HttpManager+NaverBook.swift */ = {isa = PBXFileReference; lastKnownFileType = sourcecode.swift; path = "HttpManager+NaverBook.swift"; sourceTree = "<group>"; };
		CAA0C6062C54B82C00E7433D /* NewPostSearchViewModel.swift */ = {isa = PBXFileReference; lastKnownFileType = sourcecode.swift; path = NewPostSearchViewModel.swift; sourceTree = "<group>"; };
		CAAFE01E2C4FC72600953557 /* Girl3DView.swift */ = {isa = PBXFileReference; lastKnownFileType = sourcecode.swift; path = Girl3DView.swift; sourceTree = "<group>"; };
		CABE31B82C4CAA450010AC20 /* GoogleService-Info.plist */ = {isa = PBXFileReference; fileEncoding = 4; lastKnownFileType = text.plist.xml; path = "GoogleService-Info.plist"; sourceTree = "<group>"; };
		CABE31C62C4CADA60010AC20 /* MainTabView.swift */ = {isa = PBXFileReference; lastKnownFileType = sourcecode.swift; path = MainTabView.swift; sourceTree = "<group>"; };
		CABE31C82C4CAE170010AC20 /* ProfileView.swift */ = {isa = PBXFileReference; lastKnownFileType = sourcecode.swift; path = ProfileView.swift; sourceTree = "<group>"; };
		CABE31CA2C4CAE550010AC20 /* PostsView.swift */ = {isa = PBXFileReference; lastKnownFileType = sourcecode.swift; path = PostsView.swift; sourceTree = "<group>"; };
		CAC116DF2C573FB40047E7D4 /* BookManager.swift */ = {isa = PBXFileReference; lastKnownFileType = sourcecode.swift; path = BookManager.swift; sourceTree = "<group>"; };
		CAC330492C4F38FB003C8A71 /* FullGirl3DView.swift */ = {isa = PBXFileReference; lastKnownFileType = sourcecode.swift; path = FullGirl3DView.swift; sourceTree = "<group>"; };
		CAD0F3692C4DF2D7006ABFD1 /* SignupViewModel.swift */ = {isa = PBXFileReference; lastKnownFileType = sourcecode.swift; path = SignupViewModel.swift; sourceTree = "<group>"; };
		CAD0F3722C4E11C6006ABFD1 /* EnterEmailView.swift */ = {isa = PBXFileReference; lastKnownFileType = sourcecode.swift; path = EnterEmailView.swift; sourceTree = "<group>"; };
		CAD0F3742C4E1618006ABFD1 /* ItalicFontModifier.swift */ = {isa = PBXFileReference; lastKnownFileType = sourcecode.swift; path = ItalicFontModifier.swift; sourceTree = "<group>"; };
		CAD0F3762C4E1B9C006ABFD1 /* GradientBackgroundView.swift */ = {isa = PBXFileReference; lastKnownFileType = sourcecode.swift; path = GradientBackgroundView.swift; sourceTree = "<group>"; };
		CAD8FE042C55EAD5000E3150 /* ScatteredBook3DView.swift */ = {isa = PBXFileReference; lastKnownFileType = sourcecode.swift; path = ScatteredBook3DView.swift; sourceTree = "<group>"; };
		CAD8FEFD2C53D6900000446B /* ImageManager.swift */ = {isa = PBXFileReference; lastKnownFileType = sourcecode.swift; path = ImageManager.swift; sourceTree = "<group>"; };
		CADBA2F32C4E63CD001C6445 /* EnterPasswordView.swift */ = {isa = PBXFileReference; lastKnownFileType = sourcecode.swift; path = EnterPasswordView.swift; sourceTree = "<group>"; };
		CADBA2F72C4E63DF001C6445 /* EnterUsernameView.swift */ = {isa = PBXFileReference; lastKnownFileType = sourcecode.swift; path = EnterUsernameView.swift; sourceTree = "<group>"; };
		CADBA2F92C4E63FE001C6445 /* CompleteSignupView.swift */ = {isa = PBXFileReference; lastKnownFileType = sourcecode.swift; path = CompleteSignupView.swift; sourceTree = "<group>"; };
		CADBA2FC2C4E757C001C6445 /* MyError.swift */ = {isa = PBXFileReference; lastKnownFileType = sourcecode.swift; path = MyError.swift; sourceTree = "<group>"; };
		CAE3AC9A2C54F02800EE5AC5 /* NewPostSearchCellView.swift */ = {isa = PBXFileReference; lastKnownFileType = sourcecode.swift; path = NewPostSearchCellView.swift; sourceTree = "<group>"; };
		CAE3AC9C2C54F08200EE5AC5 /* NewPostSearchCellViewModel.swift */ = {isa = PBXFileReference; lastKnownFileType = sourcecode.swift; path = NewPostSearchCellViewModel.swift; sourceTree = "<group>"; };
		CAE6015A2C5096D30013413C /* SplashView.swift */ = {isa = PBXFileReference; lastKnownFileType = sourcecode.swift; path = SplashView.swift; sourceTree = "<group>"; };
		CAE601632C50F6570013413C /* Info.plist */ = {isa = PBXFileReference; lastKnownFileType = text.plist; path = Info.plist; sourceTree = "<group>"; };
		CAE601642C50FCB80013413C /* LoginViewModel+Kakao.swift */ = {isa = PBXFileReference; lastKnownFileType = sourcecode.swift; path = "LoginViewModel+Kakao.swift"; sourceTree = "<group>"; };
		CAE601662C51005B0013413C /* Config.xcconfig */ = {isa = PBXFileReference; lastKnownFileType = text.xcconfig; path = Config.xcconfig; sourceTree = "<group>"; };
		CAE601672C5100FA0013413C /* .gitignore */ = {isa = PBXFileReference; lastKnownFileType = text; path = .gitignore; sourceTree = "<group>"; };
		CAEDAB522C5A00B80077883E /* AuthManager+Hash.swift */ = {isa = PBXFileReference; lastKnownFileType = sourcecode.swift; path = "AuthManager+Hash.swift"; sourceTree = "<group>"; };
		CAEDAB572C5A4BF20077883E /* AccountRelatedView.swift */ = {isa = PBXFileReference; lastKnownFileType = sourcecode.swift; path = AccountRelatedView.swift; sourceTree = "<group>"; };
		CAEDAB592C5A54D60077883E /* SocialLoginEditView.swift */ = {isa = PBXFileReference; lastKnownFileType = sourcecode.swift; path = SocialLoginEditView.swift; sourceTree = "<group>"; };
		CAEDAB5B2C5A61800077883E /* SocialLoginEditViewModel.swift */ = {isa = PBXFileReference; lastKnownFileType = sourcecode.swift; path = SocialLoginEditViewModel.swift; sourceTree = "<group>"; };
/* End PBXFileReference section */

/* Begin PBXFrameworksBuildPhase section */
		CA6AAC252C4B8CA10045449E /* Frameworks */ = {
			isa = PBXFrameworksBuildPhase;
			buildActionMask = 2147483647;
			files = (
				CAE601602C50F5D50013413C /* KakaoSDKCommon in Frameworks */,
				CAE6015E2C50F5D50013413C /* KakaoSDKAuth in Frameworks */,
				CABE31BC2C4CAB090010AC20 /* FirebaseAuth in Frameworks */,
				CABE31C22C4CAB090010AC20 /* FirebaseStorage in Frameworks */,
				CABE31BE2C4CAB090010AC20 /* FirebaseFirestore in Frameworks */,
				CAFE2C272C54F655000A3047 /* Alamofire in Frameworks */,
				CABE31C02C4CAB090010AC20 /* FirebaseFirestoreSwift in Frameworks */,
				CAEDAB562C5A015A0077883E /* CryptoSwift in Frameworks */,
				CAC3304E2C4F4327003C8A71 /* SplineRuntime in Frameworks */,
				CABE31C52C4CAD390010AC20 /* Kingfisher in Frameworks */,
				CAE601622C50F5D50013413C /* KakaoSDKUser in Frameworks */,
			);
			runOnlyForDeploymentPostprocessing = 0;
		};
/* End PBXFrameworksBuildPhase section */

/* Begin PBXGroup section */
		CA45F4422C5500DB007CE06E /* Book */ = {
			isa = PBXGroup;
			children = (
				CA45F4472C55010D007CE06E /* View */,
				CA45F4482C550116007CE06E /* ViewModel */,
			);
			path = Book;
			sourceTree = "<group>";
		};
		CA45F4472C55010D007CE06E /* View */ = {
			isa = PBXGroup;
			children = (
				CA45F4432C5500FC007CE06E /* BookDetailView.swift */,
			);
			path = View;
			sourceTree = "<group>";
		};
		CA45F4482C550116007CE06E /* ViewModel */ = {
			isa = PBXGroup;
			children = (
				CA45F4452C550108007CE06E /* BookDetailViewModel.swift */,
			);
			path = ViewModel;
			sourceTree = "<group>";
		};
		CA4FC6A72C4E992A00525570 /* Modifier */ = {
			isa = PBXGroup;
			children = (
				CA4FC6A52C4E987100525570 /* TextFieldModifier.swift */,
				CAD0F3742C4E1618006ABFD1 /* ItalicFontModifier.swift */,
				CA4FC6A82C4E993B00525570 /* ButtonModifier.swift */,
				CA4FC6AC2C4EC3BC00525570 /* BackButtonModifier.swift */,
			);
			path = Modifier;
			sourceTree = "<group>";
		};
		CA6609BF2C4D4C5F0091091F /* View */ = {
			isa = PBXGroup;
			children = (
				CA83A4902C4CB74B004F06E7 /* LoginView.swift */,
			);
			path = View;
			sourceTree = "<group>";
		};
		CA6609C02C4D4C650091091F /* ViewModel */ = {
			isa = PBXGroup;
			children = (
				CA6609BD2C4D4C580091091F /* LoginViewModel.swift */,
				CAE601642C50FCB80013413C /* LoginViewModel+Kakao.swift */,
				CA8EDE902C5356A500641983 /* LoginViewModel+Apple.swift */,
			);
			path = ViewModel;
			sourceTree = "<group>";
		};
		CA6AAC1F2C4B8CA10045449E = {
			isa = PBXGroup;
			children = (
				CA6AAC2A2C4B8CA10045449E /* ShareBook */,
				CA6AAC292C4B8CA10045449E /* Products */,
			);
			sourceTree = "<group>";
		};
		CA6AAC292C4B8CA10045449E /* Products */ = {
			isa = PBXGroup;
			children = (
				CA6AAC282C4B8CA10045449E /* ShareBook.app */,
			);
			name = Products;
			sourceTree = "<group>";
		};
		CA6AAC2A2C4B8CA10045449E /* ShareBook */ = {
			isa = PBXGroup;
			children = (
				CA8EDE8F2C534D7600641983 /* ShareBook.entitlements */,
				CA91CDE62C56558A00793F34 /* scatteredBook3D.splineswift */,
				CA91CDE82C56559200793F34 /* girl3D.splineswift */,
				CA91CDEA2C56559A00793F34 /* fullGirl3D.splineswift */,
				CAE601632C50F6570013413C /* Info.plist */,
				CA6AAC2B2C4B8CA10045449E /* ShareBookApp.swift */,
				CA6AAC2D2C4B8CA10045449E /* ContentView.swift */,
				CABE31C62C4CADA60010AC20 /* MainTabView.swift */,
				CA83A48F2C4CB6FE004F06E7 /* Manager */,
				CA6AAC3A2C4B8E600045449E /* VVM */,
				CA6AAC392C4B8E580045449E /* Model */,
				CAD0F36D2C4DFB70006ABFD1 /* Common */,
				CAA0C5FB2C54B31F00E7433D /* Http */,
				CADBA2FB2C4E7552001C6445 /* Error */,
				CA6AAC2F2C4B8CA20045449E /* Assets.xcassets */,
				CABE31B82C4CAA450010AC20 /* GoogleService-Info.plist */,
				CA6AAC312C4B8CA20045449E /* Preview Content */,
				CAE601662C51005B0013413C /* Config.xcconfig */,
				CAE601672C5100FA0013413C /* .gitignore */,
			);
			path = ShareBook;
			sourceTree = "<group>";
		};
		CA6AAC312C4B8CA20045449E /* Preview Content */ = {
			isa = PBXGroup;
			children = (
				CA6AAC322C4B8CA20045449E /* Preview Assets.xcassets */,
			);
			path = "Preview Content";
			sourceTree = "<group>";
		};
		CA6AAC392C4B8E580045449E /* Model */ = {
			isa = PBXGroup;
			children = (
				CA6609BB2C4D4BE30091091F /* User.swift */,
				CAA0C5FE2C54B38600E7433D /* Book.swift */,
				CAA0C6002C54B39300E7433D /* BookList.swift */,
			);
			path = Model;
			sourceTree = "<group>";
		};
		CA6AAC3A2C4B8E600045449E /* VVM */ = {
			isa = PBXGroup;
			children = (
				CAD0F3662C4DF2B1006ABFD1 /* Signup */,
				CA83A4922C4CB74F004F06E7 /* Login */,
				CABE31CF2C4CAE700010AC20 /* Posts */,
				CAA0C5F32C549FBD00E7433D /* NewPostSearch */,
				CA83A48E2C4CB584004F06E7 /* MyPosts */,
				CABE31CE2C4CAE690010AC20 /* Profile */,
				CA45F4422C5500DB007CE06E /* Book */,
			);
			path = VVM;
			sourceTree = "<group>";
		};
		CA6AC97F2C53CA3D00703DB5 /* View */ = {
			isa = PBXGroup;
			children = (
				CABE31C82C4CAE170010AC20 /* ProfileView.swift */,
				CAA0C5F12C54992200E7433D /* ProfileEditView.swift */,
				CAEDAB572C5A4BF20077883E /* AccountRelatedView.swift */,
				CAEDAB592C5A54D60077883E /* SocialLoginEditView.swift */,
			);
			path = View;
			sourceTree = "<group>";
		};
		CA6AC9802C53CA4100703DB5 /* ViewModel */ = {
			isa = PBXGroup;
			children = (
				CA6AC97D2C53CA3900703DB5 /* ProfileViewModel.swift */,
				CAEDAB5B2C5A61800077883E /* SocialLoginEditViewModel.swift */,
			);
			path = ViewModel;
			sourceTree = "<group>";
		};
		CA83A48E2C4CB584004F06E7 /* MyPosts */ = {
			isa = PBXGroup;
			children = (
				CA83A48C2C4CB57F004F06E7 /* MyPostsView.swift */,
			);
			path = MyPosts;
			sourceTree = "<group>";
		};
		CA83A48F2C4CB6FE004F06E7 /* Manager */ = {
			isa = PBXGroup;
			children = (
				CA6609C12C4D4C8E0091091F /* AuthManager.swift */,
				CAEDAB522C5A00B80077883E /* AuthManager+Hash.swift */,
				CAD8FEFD2C53D6900000446B /* ImageManager.swift */,
				CAA0C6022C54B3F300E7433D /* HttpManager.swift */,
				CAA0C6042C54B5E200E7433D /* HttpManager+NaverBook.swift */,
				CAC116DF2C573FB40047E7D4 /* BookManager.swift */,
				CA2CA1B02C591682001D8B89 /* JwtManager.swift */,
			);
			path = Manager;
			sourceTree = "<group>";
		};
		CA83A4922C4CB74F004F06E7 /* Login */ = {
			isa = PBXGroup;
			children = (
				CA6609BF2C4D4C5F0091091F /* View */,
				CA6609C02C4D4C650091091F /* ViewModel */,
			);
			path = Login;
			sourceTree = "<group>";
		};
		CAA0C5F32C549FBD00E7433D /* NewPostSearch */ = {
			isa = PBXGroup;
			children = (
				CAA0C6082C54BB4300E7433D /* View */,
				CAA0C6092C54BB4800E7433D /* ViewModel */,
			);
			path = NewPostSearch;
			sourceTree = "<group>";
		};
		CAA0C5FB2C54B31F00E7433D /* Http */ = {
			isa = PBXGroup;
			children = (
				CAA0C5FC2C54B34600E7433D /* HttpMethod.swift */,
			);
			path = Http;
			sourceTree = "<group>";
		};
		CAA0C6082C54BB4300E7433D /* View */ = {
			isa = PBXGroup;
			children = (
				CAA0C5F42C549FE300E7433D /* NewPostSearchView.swift */,
				CAE3AC9A2C54F02800EE5AC5 /* NewPostSearchCellView.swift */,
			);
			path = View;
			sourceTree = "<group>";
		};
		CAA0C6092C54BB4800E7433D /* ViewModel */ = {
			isa = PBXGroup;
			children = (
				CAA0C6062C54B82C00E7433D /* NewPostSearchViewModel.swift */,
				CAE3AC9C2C54F08200EE5AC5 /* NewPostSearchCellViewModel.swift */,
			);
			path = ViewModel;
			sourceTree = "<group>";
		};
		CABE31CE2C4CAE690010AC20 /* Profile */ = {
			isa = PBXGroup;
			children = (
				CA6AC97F2C53CA3D00703DB5 /* View */,
				CA6AC9802C53CA4100703DB5 /* ViewModel */,
			);
			path = Profile;
			sourceTree = "<group>";
		};
		CABE31CF2C4CAE700010AC20 /* Posts */ = {
			isa = PBXGroup;
			children = (
				CABE31CA2C4CAE550010AC20 /* PostsView.swift */,
			);
			path = Posts;
			sourceTree = "<group>";
		};
		CAC330482C4F38CC003C8A71 /* CommonView */ = {
			isa = PBXGroup;
			children = (
				CAD0F3762C4E1B9C006ABFD1 /* GradientBackgroundView.swift */,
				CAE6015A2C5096D30013413C /* SplashView.swift */,
			);
			path = CommonView;
			sourceTree = "<group>";
		};
		CAC3304B2C4F3902003C8A71 /* Spline3D */ = {
			isa = PBXGroup;
			children = (
				CAC330492C4F38FB003C8A71 /* FullGirl3DView.swift */,
				CAAFE01E2C4FC72600953557 /* Girl3DView.swift */,
				CAD8FE042C55EAD5000E3150 /* ScatteredBook3DView.swift */,
				CA2567042C56A060009F13A2 /* Test3DView.swift */,
			);
			path = Spline3D;
			sourceTree = "<group>";
		};
		CAD0F3662C4DF2B1006ABFD1 /* Signup */ = {
			isa = PBXGroup;
			children = (
				CAD0F36B2C4DF2DB006ABFD1 /* View */,
				CAD0F36C2C4DF2E5006ABFD1 /* ViewModel */,
			);
			path = Signup;
			sourceTree = "<group>";
		};
		CAD0F36B2C4DF2DB006ABFD1 /* View */ = {
			isa = PBXGroup;
			children = (
				CAD0F3722C4E11C6006ABFD1 /* EnterEmailView.swift */,
				CADBA2F32C4E63CD001C6445 /* EnterPasswordView.swift */,
				CADBA2F72C4E63DF001C6445 /* EnterUsernameView.swift */,
				CADBA2F92C4E63FE001C6445 /* CompleteSignupView.swift */,
			);
			path = View;
			sourceTree = "<group>";
		};
		CAD0F36C2C4DF2E5006ABFD1 /* ViewModel */ = {
			isa = PBXGroup;
			children = (
				CAD0F3692C4DF2D7006ABFD1 /* SignupViewModel.swift */,
			);
			path = ViewModel;
			sourceTree = "<group>";
		};
		CAD0F36D2C4DFB70006ABFD1 /* Common */ = {
			isa = PBXGroup;
			children = (
				CA4FC6A72C4E992A00525570 /* Modifier */,
				CAC330482C4F38CC003C8A71 /* CommonView */,
				CAC3304B2C4F3902003C8A71 /* Spline3D */,
			);
			path = Common;
			sourceTree = "<group>";
		};
		CADBA2FB2C4E7552001C6445 /* Error */ = {
			isa = PBXGroup;
			children = (
				CADBA2FC2C4E757C001C6445 /* MyError.swift */,
			);
			path = Error;
			sourceTree = "<group>";
		};
/* End PBXGroup section */

/* Begin PBXNativeTarget section */
		CA6AAC272C4B8CA10045449E /* ShareBook */ = {
			isa = PBXNativeTarget;
			buildConfigurationList = CA6AAC362C4B8CA20045449E /* Build configuration list for PBXNativeTarget "ShareBook" */;
			buildPhases = (
				CA6AAC242C4B8CA10045449E /* Sources */,
				CA6AAC252C4B8CA10045449E /* Frameworks */,
				CA6AAC262C4B8CA10045449E /* Resources */,
			);
			buildRules = (
			);
			dependencies = (
			);
			name = ShareBook;
			packageProductDependencies = (
				CABE31BB2C4CAB090010AC20 /* FirebaseAuth */,
				CABE31BD2C4CAB090010AC20 /* FirebaseFirestore */,
				CABE31BF2C4CAB090010AC20 /* FirebaseFirestoreSwift */,
				CABE31C12C4CAB090010AC20 /* FirebaseStorage */,
				CABE31C42C4CAD390010AC20 /* Kingfisher */,
				CAC3304D2C4F4327003C8A71 /* SplineRuntime */,
				CAE6015D2C50F5D50013413C /* KakaoSDKAuth */,
				CAE6015F2C50F5D50013413C /* KakaoSDKCommon */,
				CAE601612C50F5D50013413C /* KakaoSDKUser */,
				CAFE2C262C54F655000A3047 /* Alamofire */,
				CAEDAB552C5A015A0077883E /* CryptoSwift */,
			);
			productName = ShareBook;
			productReference = CA6AAC282C4B8CA10045449E /* ShareBook.app */;
			productType = "com.apple.product-type.application";
		};
/* End PBXNativeTarget section */

/* Begin PBXProject section */
		CA6AAC202C4B8CA10045449E /* Project object */ = {
			isa = PBXProject;
			attributes = {
				BuildIndependentTargetsInParallel = 1;
				LastSwiftUpdateCheck = 1540;
				LastUpgradeCheck = 1540;
				TargetAttributes = {
					CA6AAC272C4B8CA10045449E = {
						CreatedOnToolsVersion = 15.4;
					};
				};
			};
			buildConfigurationList = CA6AAC232C4B8CA10045449E /* Build configuration list for PBXProject "ShareBook" */;
			compatibilityVersion = "Xcode 14.0";
			developmentRegion = en;
			hasScannedForEncodings = 0;
			knownRegions = (
				en,
				Base,
			);
			mainGroup = CA6AAC1F2C4B8CA10045449E;
			packageReferences = (
				CABE31BA2C4CAB090010AC20 /* XCRemoteSwiftPackageReference "firebase-ios-sdk" */,
				CABE31C32C4CAD390010AC20 /* XCRemoteSwiftPackageReference "Kingfisher" */,
				CAC3304C2C4F4327003C8A71 /* XCRemoteSwiftPackageReference "spline-ios" */,
				CAE6015C2C50F5D50013413C /* XCRemoteSwiftPackageReference "kakao-ios-sdk" */,
				CAFE2C252C54F655000A3047 /* XCRemoteSwiftPackageReference "Alamofire" */,
				CAEDAB542C5A015A0077883E /* XCRemoteSwiftPackageReference "CryptoSwift" */,
			);
			productRefGroup = CA6AAC292C4B8CA10045449E /* Products */;
			projectDirPath = "";
			projectRoot = "";
			targets = (
				CA6AAC272C4B8CA10045449E /* ShareBook */,
			);
		};
/* End PBXProject section */

/* Begin PBXResourcesBuildPhase section */
		CA6AAC262C4B8CA10045449E /* Resources */ = {
			isa = PBXResourcesBuildPhase;
			buildActionMask = 2147483647;
			files = (
				CAE601682C5100FA0013413C /* .gitignore in Resources */,
				CA91CDE92C56559200793F34 /* girl3D.splineswift in Resources */,
				CA6AAC332C4B8CA20045449E /* Preview Assets.xcassets in Resources */,
				CA6AAC302C4B8CA20045449E /* Assets.xcassets in Resources */,
				CABE31B92C4CAA450010AC20 /* GoogleService-Info.plist in Resources */,
				CA91CDEB2C56559A00793F34 /* fullGirl3D.splineswift in Resources */,
				CA91CDE72C56558A00793F34 /* scatteredBook3D.splineswift in Resources */,
			);
			runOnlyForDeploymentPostprocessing = 0;
		};
/* End PBXResourcesBuildPhase section */

/* Begin PBXSourcesBuildPhase section */
		CA6AAC242C4B8CA10045449E /* Sources */ = {
			isa = PBXSourcesBuildPhase;
			buildActionMask = 2147483647;
			files = (
				CAE3AC9B2C54F02800EE5AC5 /* NewPostSearchCellView.swift in Sources */,
				CAAFE01F2C4FC72600953557 /* Girl3DView.swift in Sources */,
				CAA0C6032C54B3F300E7433D /* HttpManager.swift in Sources */,
				CA2CA1B12C591682001D8B89 /* JwtManager.swift in Sources */,
				CABE31C92C4CAE170010AC20 /* ProfileView.swift in Sources */,
				CAA0C6052C54B5E200E7433D /* HttpManager+NaverBook.swift in Sources */,
				CAA0C6072C54B82C00E7433D /* NewPostSearchViewModel.swift in Sources */,
				CA45F4462C550108007CE06E /* BookDetailViewModel.swift in Sources */,
				CA83A48D2C4CB57F004F06E7 /* MyPostsView.swift in Sources */,
				CAD8FE052C55EAD5000E3150 /* ScatteredBook3DView.swift in Sources */,
				CAEDAB532C5A00B80077883E /* AuthManager+Hash.swift in Sources */,
				CA6AAC2E2C4B8CA10045449E /* ContentView.swift in Sources */,
				CADBA2FA2C4E63FE001C6445 /* CompleteSignupView.swift in Sources */,
				CAD0F3752C4E1618006ABFD1 /* ItalicFontModifier.swift in Sources */,
				CAEDAB582C5A4BF20077883E /* AccountRelatedView.swift in Sources */,
				CAEDAB5C2C5A61800077883E /* SocialLoginEditViewModel.swift in Sources */,
				CAA0C6012C54B39300E7433D /* BookList.swift in Sources */,
				CA6AC97E2C53CA3900703DB5 /* ProfileViewModel.swift in Sources */,
				CAD8FEFE2C53D6900000446B /* ImageManager.swift in Sources */,
				CAE3AC9D2C54F08200EE5AC5 /* NewPostSearchCellViewModel.swift in Sources */,
				CA6AAC2C2C4B8CA10045449E /* ShareBookApp.swift in Sources */,
				CADBA2FD2C4E757C001C6445 /* MyError.swift in Sources */,
				CADBA2F82C4E63DF001C6445 /* EnterUsernameView.swift in Sources */,
				CA2567052C56A060009F13A2 /* Test3DView.swift in Sources */,
				CAA0C5FD2C54B34600E7433D /* HttpMethod.swift in Sources */,
				CAC3304A2C4F38FB003C8A71 /* FullGirl3DView.swift in Sources */,
				CAA0C5FF2C54B38600E7433D /* Book.swift in Sources */,
				CAC116E02C573FB40047E7D4 /* BookManager.swift in Sources */,
				CA6609BC2C4D4BE30091091F /* User.swift in Sources */,
				CA8EDE912C5356A500641983 /* LoginViewModel+Apple.swift in Sources */,
				CAA0C5F52C549FE300E7433D /* NewPostSearchView.swift in Sources */,
				CAD0F36A2C4DF2D7006ABFD1 /* SignupViewModel.swift in Sources */,
				CABE31CB2C4CAE550010AC20 /* PostsView.swift in Sources */,
				CA4FC6AD2C4EC3BC00525570 /* BackButtonModifier.swift in Sources */,
				CAD0F3772C4E1B9C006ABFD1 /* GradientBackgroundView.swift in Sources */,
				CA4FC6A92C4E993B00525570 /* ButtonModifier.swift in Sources */,
				CA83A4912C4CB74B004F06E7 /* LoginView.swift in Sources */,
				CAD0F3732C4E11C6006ABFD1 /* EnterEmailView.swift in Sources */,
				CAEDAB5A2C5A54D60077883E /* SocialLoginEditView.swift in Sources */,
				CAA0C5F22C54992200E7433D /* ProfileEditView.swift in Sources */,
				CAE601652C50FCB90013413C /* LoginViewModel+Kakao.swift in Sources */,
				CA6609C22C4D4C8E0091091F /* AuthManager.swift in Sources */,
				CAE6015B2C5096D30013413C /* SplashView.swift in Sources */,
				CA6609BE2C4D4C590091091F /* LoginViewModel.swift in Sources */,
				CA4FC6A62C4E987100525570 /* TextFieldModifier.swift in Sources */,
				CADBA2F42C4E63CD001C6445 /* EnterPasswordView.swift in Sources */,
				CA45F4442C5500FC007CE06E /* BookDetailView.swift in Sources */,
				CABE31C72C4CADA60010AC20 /* MainTabView.swift in Sources */,
			);
			runOnlyForDeploymentPostprocessing = 0;
		};
/* End PBXSourcesBuildPhase section */

/* Begin XCBuildConfiguration section */
		CA6AAC342C4B8CA20045449E /* Debug */ = {
			isa = XCBuildConfiguration;
			baseConfigurationReference = CAE601662C51005B0013413C /* Config.xcconfig */;
			buildSettings = {
				ALWAYS_SEARCH_USER_PATHS = NO;
				ASSETCATALOG_COMPILER_GENERATE_SWIFT_ASSET_SYMBOL_EXTENSIONS = YES;
				CLANG_ANALYZER_NONNULL = YES;
				CLANG_ANALYZER_NUMBER_OBJECT_CONVERSION = YES_AGGRESSIVE;
				CLANG_CXX_LANGUAGE_STANDARD = "gnu++20";
				CLANG_ENABLE_MODULES = YES;
				CLANG_ENABLE_OBJC_ARC = YES;
				CLANG_ENABLE_OBJC_WEAK = YES;
				CLANG_WARN_BLOCK_CAPTURE_AUTORELEASING = YES;
				CLANG_WARN_BOOL_CONVERSION = YES;
				CLANG_WARN_COMMA = YES;
				CLANG_WARN_CONSTANT_CONVERSION = YES;
				CLANG_WARN_DEPRECATED_OBJC_IMPLEMENTATIONS = YES;
				CLANG_WARN_DIRECT_OBJC_ISA_USAGE = YES_ERROR;
				CLANG_WARN_DOCUMENTATION_COMMENTS = YES;
				CLANG_WARN_EMPTY_BODY = YES;
				CLANG_WARN_ENUM_CONVERSION = YES;
				CLANG_WARN_INFINITE_RECURSION = YES;
				CLANG_WARN_INT_CONVERSION = YES;
				CLANG_WARN_NON_LITERAL_NULL_CONVERSION = YES;
				CLANG_WARN_OBJC_IMPLICIT_RETAIN_SELF = YES;
				CLANG_WARN_OBJC_LITERAL_CONVERSION = YES;
				CLANG_WARN_OBJC_ROOT_CLASS = YES_ERROR;
				CLANG_WARN_QUOTED_INCLUDE_IN_FRAMEWORK_HEADER = YES;
				CLANG_WARN_RANGE_LOOP_ANALYSIS = YES;
				CLANG_WARN_STRICT_PROTOTYPES = YES;
				CLANG_WARN_SUSPICIOUS_MOVE = YES;
				CLANG_WARN_UNGUARDED_AVAILABILITY = YES_AGGRESSIVE;
				CLANG_WARN_UNREACHABLE_CODE = YES;
				CLANG_WARN__DUPLICATE_METHOD_MATCH = YES;
				COPY_PHASE_STRIP = NO;
				DEBUG_INFORMATION_FORMAT = dwarf;
				ENABLE_STRICT_OBJC_MSGSEND = YES;
				ENABLE_TESTABILITY = YES;
				ENABLE_USER_SCRIPT_SANDBOXING = YES;
				GCC_C_LANGUAGE_STANDARD = gnu17;
				GCC_DYNAMIC_NO_PIC = NO;
				GCC_NO_COMMON_BLOCKS = YES;
				GCC_OPTIMIZATION_LEVEL = 0;
				GCC_PREPROCESSOR_DEFINITIONS = (
					"DEBUG=1",
					"$(inherited)",
				);
				GCC_WARN_64_TO_32_BIT_CONVERSION = YES;
				GCC_WARN_ABOUT_RETURN_TYPE = YES_ERROR;
				GCC_WARN_UNDECLARED_SELECTOR = YES;
				GCC_WARN_UNINITIALIZED_AUTOS = YES_AGGRESSIVE;
				GCC_WARN_UNUSED_FUNCTION = YES;
				GCC_WARN_UNUSED_VARIABLE = YES;
				IPHONEOS_DEPLOYMENT_TARGET = 17.5;
				LOCALIZATION_PREFERS_STRING_CATALOGS = YES;
				MTL_ENABLE_DEBUG_INFO = INCLUDE_SOURCE;
				MTL_FAST_MATH = YES;
				ONLY_ACTIVE_ARCH = YES;
				SDKROOT = iphoneos;
				SWIFT_ACTIVE_COMPILATION_CONDITIONS = "DEBUG $(inherited)";
				SWIFT_OPTIMIZATION_LEVEL = "-Onone";
			};
			name = Debug;
		};
		CA6AAC352C4B8CA20045449E /* Release */ = {
			isa = XCBuildConfiguration;
			baseConfigurationReference = CAE601662C51005B0013413C /* Config.xcconfig */;
			buildSettings = {
				ALWAYS_SEARCH_USER_PATHS = NO;
				ASSETCATALOG_COMPILER_GENERATE_SWIFT_ASSET_SYMBOL_EXTENSIONS = YES;
				CLANG_ANALYZER_NONNULL = YES;
				CLANG_ANALYZER_NUMBER_OBJECT_CONVERSION = YES_AGGRESSIVE;
				CLANG_CXX_LANGUAGE_STANDARD = "gnu++20";
				CLANG_ENABLE_MODULES = YES;
				CLANG_ENABLE_OBJC_ARC = YES;
				CLANG_ENABLE_OBJC_WEAK = YES;
				CLANG_WARN_BLOCK_CAPTURE_AUTORELEASING = YES;
				CLANG_WARN_BOOL_CONVERSION = YES;
				CLANG_WARN_COMMA = YES;
				CLANG_WARN_CONSTANT_CONVERSION = YES;
				CLANG_WARN_DEPRECATED_OBJC_IMPLEMENTATIONS = YES;
				CLANG_WARN_DIRECT_OBJC_ISA_USAGE = YES_ERROR;
				CLANG_WARN_DOCUMENTATION_COMMENTS = YES;
				CLANG_WARN_EMPTY_BODY = YES;
				CLANG_WARN_ENUM_CONVERSION = YES;
				CLANG_WARN_INFINITE_RECURSION = YES;
				CLANG_WARN_INT_CONVERSION = YES;
				CLANG_WARN_NON_LITERAL_NULL_CONVERSION = YES;
				CLANG_WARN_OBJC_IMPLICIT_RETAIN_SELF = YES;
				CLANG_WARN_OBJC_LITERAL_CONVERSION = YES;
				CLANG_WARN_OBJC_ROOT_CLASS = YES_ERROR;
				CLANG_WARN_QUOTED_INCLUDE_IN_FRAMEWORK_HEADER = YES;
				CLANG_WARN_RANGE_LOOP_ANALYSIS = YES;
				CLANG_WARN_STRICT_PROTOTYPES = YES;
				CLANG_WARN_SUSPICIOUS_MOVE = YES;
				CLANG_WARN_UNGUARDED_AVAILABILITY = YES_AGGRESSIVE;
				CLANG_WARN_UNREACHABLE_CODE = YES;
				CLANG_WARN__DUPLICATE_METHOD_MATCH = YES;
				COPY_PHASE_STRIP = NO;
				DEBUG_INFORMATION_FORMAT = "dwarf-with-dsym";
				ENABLE_NS_ASSERTIONS = NO;
				ENABLE_STRICT_OBJC_MSGSEND = YES;
				ENABLE_USER_SCRIPT_SANDBOXING = YES;
				GCC_C_LANGUAGE_STANDARD = gnu17;
				GCC_NO_COMMON_BLOCKS = YES;
				GCC_WARN_64_TO_32_BIT_CONVERSION = YES;
				GCC_WARN_ABOUT_RETURN_TYPE = YES_ERROR;
				GCC_WARN_UNDECLARED_SELECTOR = YES;
				GCC_WARN_UNINITIALIZED_AUTOS = YES_AGGRESSIVE;
				GCC_WARN_UNUSED_FUNCTION = YES;
				GCC_WARN_UNUSED_VARIABLE = YES;
				IPHONEOS_DEPLOYMENT_TARGET = 17.5;
				LOCALIZATION_PREFERS_STRING_CATALOGS = YES;
				MTL_ENABLE_DEBUG_INFO = NO;
				MTL_FAST_MATH = YES;
				SDKROOT = iphoneos;
				SWIFT_COMPILATION_MODE = wholemodule;
				VALIDATE_PRODUCT = YES;
			};
			name = Release;
		};
		CA6AAC372C4B8CA20045449E /* Debug */ = {
			isa = XCBuildConfiguration;
			baseConfigurationReference = CAE601662C51005B0013413C /* Config.xcconfig */;
			buildSettings = {
				ASSETCATALOG_COMPILER_APPICON_NAME = AppIcon;
				ASSETCATALOG_COMPILER_GLOBAL_ACCENT_COLOR_NAME = AccentColor;
				CODE_SIGN_ENTITLEMENTS = ShareBook/ShareBook.entitlements;
				CODE_SIGN_STYLE = Automatic;
				CURRENT_PROJECT_VERSION = 1;
				DEVELOPMENT_ASSET_PATHS = "\"ShareBook/Preview Content\"";
				DEVELOPMENT_TEAM = B3TSGMGBBP;
				ENABLE_PREVIEWS = YES;
				GENERATE_INFOPLIST_FILE = YES;
				INFOPLIST_FILE = ShareBook/Info.plist;
				INFOPLIST_KEY_UIApplicationSceneManifest_Generation = YES;
				INFOPLIST_KEY_UIApplicationSupportsIndirectInputEvents = YES;
				INFOPLIST_KEY_UILaunchScreen_Generation = YES;
				INFOPLIST_KEY_UISupportedInterfaceOrientations_iPad = "UIInterfaceOrientationPortrait UIInterfaceOrientationPortraitUpsideDown UIInterfaceOrientationLandscapeLeft UIInterfaceOrientationLandscapeRight";
				INFOPLIST_KEY_UISupportedInterfaceOrientations_iPhone = "UIInterfaceOrientationPortrait UIInterfaceOrientationLandscapeLeft UIInterfaceOrientationLandscapeRight";
				LD_RUNPATH_SEARCH_PATHS = (
					"$(inherited)",
					"@executable_path/Frameworks",
				);
				MARKETING_VERSION = 1.0;
				PRODUCT_BUNDLE_IDENTIFIER = KHI.ShareBook;
				PRODUCT_NAME = "$(TARGET_NAME)";
				SWIFT_EMIT_LOC_STRINGS = YES;
				SWIFT_VERSION = 5.0;
				TARGETED_DEVICE_FAMILY = "1,2";
			};
			name = Debug;
		};
		CA6AAC382C4B8CA20045449E /* Release */ = {
			isa = XCBuildConfiguration;
			baseConfigurationReference = CAE601662C51005B0013413C /* Config.xcconfig */;
			buildSettings = {
				ASSETCATALOG_COMPILER_APPICON_NAME = AppIcon;
				ASSETCATALOG_COMPILER_GLOBAL_ACCENT_COLOR_NAME = AccentColor;
				CODE_SIGN_ENTITLEMENTS = ShareBook/ShareBook.entitlements;
				CODE_SIGN_STYLE = Automatic;
				CURRENT_PROJECT_VERSION = 1;
				DEVELOPMENT_ASSET_PATHS = "\"ShareBook/Preview Content\"";
				DEVELOPMENT_TEAM = B3TSGMGBBP;
				ENABLE_PREVIEWS = YES;
				GENERATE_INFOPLIST_FILE = YES;
				INFOPLIST_FILE = ShareBook/Info.plist;
				INFOPLIST_KEY_UIApplicationSceneManifest_Generation = YES;
				INFOPLIST_KEY_UIApplicationSupportsIndirectInputEvents = YES;
				INFOPLIST_KEY_UILaunchScreen_Generation = YES;
				INFOPLIST_KEY_UISupportedInterfaceOrientations_iPad = "UIInterfaceOrientationPortrait UIInterfaceOrientationPortraitUpsideDown UIInterfaceOrientationLandscapeLeft UIInterfaceOrientationLandscapeRight";
				INFOPLIST_KEY_UISupportedInterfaceOrientations_iPhone = "UIInterfaceOrientationPortrait UIInterfaceOrientationLandscapeLeft UIInterfaceOrientationLandscapeRight";
				LD_RUNPATH_SEARCH_PATHS = (
					"$(inherited)",
					"@executable_path/Frameworks",
				);
				MARKETING_VERSION = 1.0;
				PRODUCT_BUNDLE_IDENTIFIER = KHI.ShareBook;
				PRODUCT_NAME = "$(TARGET_NAME)";
				SWIFT_EMIT_LOC_STRINGS = YES;
				SWIFT_VERSION = 5.0;
				TARGETED_DEVICE_FAMILY = "1,2";
			};
			name = Release;
		};
/* End XCBuildConfiguration section */

/* Begin XCConfigurationList section */
		CA6AAC232C4B8CA10045449E /* Build configuration list for PBXProject "ShareBook" */ = {
			isa = XCConfigurationList;
			buildConfigurations = (
				CA6AAC342C4B8CA20045449E /* Debug */,
				CA6AAC352C4B8CA20045449E /* Release */,
			);
			defaultConfigurationIsVisible = 0;
			defaultConfigurationName = Release;
		};
		CA6AAC362C4B8CA20045449E /* Build configuration list for PBXNativeTarget "ShareBook" */ = {
			isa = XCConfigurationList;
			buildConfigurations = (
				CA6AAC372C4B8CA20045449E /* Debug */,
				CA6AAC382C4B8CA20045449E /* Release */,
			);
			defaultConfigurationIsVisible = 0;
			defaultConfigurationName = Release;
		};
/* End XCConfigurationList section */

/* Begin XCRemoteSwiftPackageReference section */
		CABE31BA2C4CAB090010AC20 /* XCRemoteSwiftPackageReference "firebase-ios-sdk" */ = {
			isa = XCRemoteSwiftPackageReference;
			repositoryURL = "https://github.com/firebase/firebase-ios-sdk";
			requirement = {
				kind = upToNextMajorVersion;
				minimumVersion = 10.29.0;
			};
		};
		CABE31C32C4CAD390010AC20 /* XCRemoteSwiftPackageReference "Kingfisher" */ = {
			isa = XCRemoteSwiftPackageReference;
			repositoryURL = "https://github.com/onevcat/Kingfisher";
			requirement = {
				kind = upToNextMajorVersion;
				minimumVersion = 7.12.0;
			};
		};
		CAC3304C2C4F4327003C8A71 /* XCRemoteSwiftPackageReference "spline-ios" */ = {
			isa = XCRemoteSwiftPackageReference;
			repositoryURL = "https://github.com/splinetool/spline-ios";
			requirement = {
				branch = main;
				kind = branch;
			};
		};
		CAE6015C2C50F5D50013413C /* XCRemoteSwiftPackageReference "kakao-ios-sdk" */ = {
			isa = XCRemoteSwiftPackageReference;
			repositoryURL = "https://github.com/kakao/kakao-ios-sdk";
			requirement = {
				kind = upToNextMajorVersion;
				minimumVersion = 2.22.5;
			};
		};
		CAEDAB542C5A015A0077883E /* XCRemoteSwiftPackageReference "CryptoSwift" */ = {
			isa = XCRemoteSwiftPackageReference;
			repositoryURL = "https://github.com/krzyzanowskim/CryptoSwift";
			requirement = {
				kind = upToNextMajorVersion;
				minimumVersion = 1.8.2;
			};
		};
		CAFE2C252C54F655000A3047 /* XCRemoteSwiftPackageReference "Alamofire" */ = {
			isa = XCRemoteSwiftPackageReference;
			repositoryURL = "https://github.com/Alamofire/Alamofire";
			requirement = {
				kind = upToNextMajorVersion;
				minimumVersion = 5.9.1;
			};
		};
/* End XCRemoteSwiftPackageReference section */

/* Begin XCSwiftPackageProductDependency section */
		CABE31BB2C4CAB090010AC20 /* FirebaseAuth */ = {
			isa = XCSwiftPackageProductDependency;
			package = CABE31BA2C4CAB090010AC20 /* XCRemoteSwiftPackageReference "firebase-ios-sdk" */;
			productName = FirebaseAuth;
		};
		CABE31BD2C4CAB090010AC20 /* FirebaseFirestore */ = {
			isa = XCSwiftPackageProductDependency;
			package = CABE31BA2C4CAB090010AC20 /* XCRemoteSwiftPackageReference "firebase-ios-sdk" */;
			productName = FirebaseFirestore;
		};
		CABE31BF2C4CAB090010AC20 /* FirebaseFirestoreSwift */ = {
			isa = XCSwiftPackageProductDependency;
			package = CABE31BA2C4CAB090010AC20 /* XCRemoteSwiftPackageReference "firebase-ios-sdk" */;
			productName = FirebaseFirestoreSwift;
		};
		CABE31C12C4CAB090010AC20 /* FirebaseStorage */ = {
			isa = XCSwiftPackageProductDependency;
			package = CABE31BA2C4CAB090010AC20 /* XCRemoteSwiftPackageReference "firebase-ios-sdk" */;
			productName = FirebaseStorage;
		};
		CABE31C42C4CAD390010AC20 /* Kingfisher */ = {
			isa = XCSwiftPackageProductDependency;
			package = CABE31C32C4CAD390010AC20 /* XCRemoteSwiftPackageReference "Kingfisher" */;
			productName = Kingfisher;
		};
		CAC3304D2C4F4327003C8A71 /* SplineRuntime */ = {
			isa = XCSwiftPackageProductDependency;
			package = CAC3304C2C4F4327003C8A71 /* XCRemoteSwiftPackageReference "spline-ios" */;
			productName = SplineRuntime;
		};
		CAE6015D2C50F5D50013413C /* KakaoSDKAuth */ = {
			isa = XCSwiftPackageProductDependency;
			package = CAE6015C2C50F5D50013413C /* XCRemoteSwiftPackageReference "kakao-ios-sdk" */;
			productName = KakaoSDKAuth;
		};
		CAE6015F2C50F5D50013413C /* KakaoSDKCommon */ = {
			isa = XCSwiftPackageProductDependency;
			package = CAE6015C2C50F5D50013413C /* XCRemoteSwiftPackageReference "kakao-ios-sdk" */;
			productName = KakaoSDKCommon;
		};
		CAE601612C50F5D50013413C /* KakaoSDKUser */ = {
			isa = XCSwiftPackageProductDependency;
			package = CAE6015C2C50F5D50013413C /* XCRemoteSwiftPackageReference "kakao-ios-sdk" */;
			productName = KakaoSDKUser;
		};
		CAEDAB552C5A015A0077883E /* CryptoSwift */ = {
			isa = XCSwiftPackageProductDependency;
			package = CAEDAB542C5A015A0077883E /* XCRemoteSwiftPackageReference "CryptoSwift" */;
			productName = CryptoSwift;
		};
		CAFE2C262C54F655000A3047 /* Alamofire */ = {
			isa = XCSwiftPackageProductDependency;
			package = CAFE2C252C54F655000A3047 /* XCRemoteSwiftPackageReference "Alamofire" */;
			productName = Alamofire;
		};
/* End XCSwiftPackageProductDependency section */
	};
	rootObject = CA6AAC202C4B8CA10045449E /* Project object */;
}
