// !$*UTF8*$!
{
	archiveVersion = 1;
	classes = {
	};
	objectVersion = 56;
	objects = {

/* Begin PBXBuildFile section */
		CA0846D72C608BBE00D86A91 /* Post.swift in Sources */ = {isa = PBXBuildFile; fileRef = CA0846D62C608BBE00D86A91 /* Post.swift */; };
		CA10EEC22C60CC4700901979 /* NewPostUploadPostView.swift in Sources */ = {isa = PBXBuildFile; fileRef = CA10EEC12C60CC4700901979 /* NewPostUploadPostView.swift */; };
		CA10EEC52C60CC6400901979 /* NewPostUploadPostViewModel.swift in Sources */ = {isa = PBXBuildFile; fileRef = CA10EEC42C60CC6400901979 /* NewPostUploadPostViewModel.swift */; };
		CA1126B82C6D27CF009277F3 /* CommentListViewModel.swift in Sources */ = {isa = PBXBuildFile; fileRef = CA1126B72C6D27CF009277F3 /* CommentListViewModel.swift */; };
		CA20A8142C7CC824008F3E8B /* HttpMethod.swift in Sources */ = {isa = PBXBuildFile; fileRef = CA20A8132C7CC824008F3E8B /* HttpMethod.swift */; };
		CA20A8162C7CC84A008F3E8B /* LikeTab.swift in Sources */ = {isa = PBXBuildFile; fileRef = CA20A8152C7CC84A008F3E8B /* LikeTab.swift */; };
		CA20A8182C7CC8F9008F3E8B /* MainTab.swift in Sources */ = {isa = PBXBuildFile; fileRef = CA20A8172C7CC8F9008F3E8B /* MainTab.swift */; };
		CA20A81A2C7CC93A008F3E8B /* Genre.swift in Sources */ = {isa = PBXBuildFile; fileRef = CA20A8192C7CC93A008F3E8B /* Genre.swift */; };
		CA20A81C2C7CC9ED008F3E8B /* ImagePath.swift in Sources */ = {isa = PBXBuildFile; fileRef = CA20A81B2C7CC9ED008F3E8B /* ImagePath.swift */; };
		CA20A81E2C7CCA0B008F3E8B /* NavStackView.swift in Sources */ = {isa = PBXBuildFile; fileRef = CA20A81D2C7CCA0B008F3E8B /* NavStackView.swift */; };
		CA2146DA2C6B177900BE8C3F /* TitleColor.swift in Sources */ = {isa = PBXBuildFile; fileRef = CA2146D92C6B177900BE8C3F /* TitleColor.swift */; };
		CA2567052C56A060009F13A2 /* Test3DView.swift in Sources */ = {isa = PBXBuildFile; fileRef = CA2567042C56A060009F13A2 /* Test3DView.swift */; };
		CA2CA1B12C591682001D8B89 /* JwtManager.swift in Sources */ = {isa = PBXBuildFile; fileRef = CA2CA1B02C591682001D8B89 /* JwtManager.swift */; };
		CA2FDAC92C73AD5C00D8C4D6 /* CommentListViewModel+Reply.swift in Sources */ = {isa = PBXBuildFile; fileRef = CA2FDAC82C73AD5C00D8C4D6 /* CommentListViewModel+Reply.swift */; };
		CA3139AB2C77766B001AF2AE /* MoreOptionsView.swift in Sources */ = {isa = PBXBuildFile; fileRef = CA3139AA2C77766B001AF2AE /* MoreOptionsView.swift */; };
		CA3139AE2C778599001AF2AE /* MoreOptionsViewModel.swift in Sources */ = {isa = PBXBuildFile; fileRef = CA3139AD2C778599001AF2AE /* MoreOptionsViewModel.swift */; };
		CA3221E02C7C2992003658B3 /* NavRouter.swift in Sources */ = {isa = PBXBuildFile; fileRef = CA3221DF2C7C2992003658B3 /* NavRouter.swift */; };
		CA32836D2C8DEDE60015C294 /* MainCustomTabView.swift in Sources */ = {isa = PBXBuildFile; fileRef = CA32836C2C8DEDE60015C294 /* MainCustomTabView.swift */; };
		CA3A8D892C8C58C60032ECB6 /* PostSearchView.swift in Sources */ = {isa = PBXBuildFile; fileRef = CA3A8D882C8C58C60032ECB6 /* PostSearchView.swift */; };
		CA3A8D8B2C8C58CF0032ECB6 /* PostSearchViewModel.swift in Sources */ = {isa = PBXBuildFile; fileRef = CA3A8D8A2C8C58CF0032ECB6 /* PostSearchViewModel.swift */; };
		CA3A8D8D2C8C660E0032ECB6 /* PostManager+Search.swift in Sources */ = {isa = PBXBuildFile; fileRef = CA3A8D8C2C8C660E0032ECB6 /* PostManager+Search.swift */; };
		CA3A8D8F2C8C933C0032ECB6 /* MainTabCapsule.swift in Sources */ = {isa = PBXBuildFile; fileRef = CA3A8D8E2C8C933C0032ECB6 /* MainTabCapsule.swift */; };
		CA3C5D342C7E102A00C52D0B /* AuthManager+Follow.swift in Sources */ = {isa = PBXBuildFile; fileRef = CA3C5D332C7E102A00C52D0B /* AuthManager+Follow.swift */; };
		CA3CA8FE2C7A0FBB007F2EDC /* PostCoverView.swift in Sources */ = {isa = PBXBuildFile; fileRef = CA3CA8FD2C7A0FBB007F2EDC /* PostCoverView.swift */; };
		CA3CA9002C7A0FEB007F2EDC /* PostViewModel.swift in Sources */ = {isa = PBXBuildFile; fileRef = CA3CA8FF2C7A0FEB007F2EDC /* PostViewModel.swift */; };
		CA3CA9042C7A104F007F2EDC /* PostViewModel+Like.swift in Sources */ = {isa = PBXBuildFile; fileRef = CA3CA9032C7A104F007F2EDC /* PostViewModel+Like.swift */; };
		CA3CA9062C7A1059007F2EDC /* PostViewModel+Comment.swift in Sources */ = {isa = PBXBuildFile; fileRef = CA3CA9052C7A1059007F2EDC /* PostViewModel+Comment.swift */; };
		CA3CA9082C7A110E007F2EDC /* PostDetailView.swift in Sources */ = {isa = PBXBuildFile; fileRef = CA3CA9072C7A110E007F2EDC /* PostDetailView.swift */; };
		CA3E7B312C78CBD300F610A4 /* LikesHeadTabView.swift in Sources */ = {isa = PBXBuildFile; fileRef = CA3E7B302C78CBD300F610A4 /* LikesHeadTabView.swift */; };
		CA450DB22C8397B300BCCC0E /* girl3D.splineswift in Resources */ = {isa = PBXBuildFile; fileRef = CA450DB12C8397B300BCCC0E /* girl3D.splineswift */; };
		CA450DB42C8398A900BCCC0E /* fullGirl3D.splineswift in Resources */ = {isa = PBXBuildFile; fileRef = CA450DB32C8398A900BCCC0E /* fullGirl3D.splineswift */; };
		CA4FC6A62C4E987100525570 /* TextFieldModifier.swift in Sources */ = {isa = PBXBuildFile; fileRef = CA4FC6A52C4E987100525570 /* TextFieldModifier.swift */; };
		CA4FC6A92C4E993B00525570 /* AuthViewButtonModifier.swift in Sources */ = {isa = PBXBuildFile; fileRef = CA4FC6A82C4E993B00525570 /* AuthViewButtonModifier.swift */; };
		CA4FC6AD2C4EC3BC00525570 /* BackButtonModifier.swift in Sources */ = {isa = PBXBuildFile; fileRef = CA4FC6AC2C4EC3BC00525570 /* BackButtonModifier.swift */; };
		CA512E262C7D9E6700995C69 /* PostProfileCoverView.swift in Sources */ = {isa = PBXBuildFile; fileRef = CA512E252C7D9E6700995C69 /* PostProfileCoverView.swift */; };
		CA56F23E2C7259FE00F4980D /* CommentManager+Reply.swift in Sources */ = {isa = PBXBuildFile; fileRef = CA56F23D2C7259FE00F4980D /* CommentManager+Reply.swift */; };
		CA62D06F2C6DB72500A652EA /* CommentManager.swift in Sources */ = {isa = PBXBuildFile; fileRef = CA62D06E2C6DB72500A652EA /* CommentManager.swift */; };
		CA62D0722C6DB7DA00A652EA /* CommentView.swift in Sources */ = {isa = PBXBuildFile; fileRef = CA62D0712C6DB7DA00A652EA /* CommentView.swift */; };
		CA62D0742C6DB8D300A652EA /* Comment.swift in Sources */ = {isa = PBXBuildFile; fileRef = CA62D0732C6DB8D300A652EA /* Comment.swift */; };
		CA62D0762C6DC58F00A652EA /* Date+RelativeTimeString.swift in Sources */ = {isa = PBXBuildFile; fileRef = CA62D0752C6DC58F00A652EA /* Date+RelativeTimeString.swift */; };
		CA6609BC2C4D4BE30091091F /* User.swift in Sources */ = {isa = PBXBuildFile; fileRef = CA6609BB2C4D4BE30091091F /* User.swift */; };
		CA6609BE2C4D4C590091091F /* LoginViewModel.swift in Sources */ = {isa = PBXBuildFile; fileRef = CA6609BD2C4D4C580091091F /* LoginViewModel.swift */; };
		CA6609C22C4D4C8E0091091F /* AuthManager.swift in Sources */ = {isa = PBXBuildFile; fileRef = CA6609C12C4D4C8E0091091F /* AuthManager.swift */; };
		CA66D5872C6E2D35000DCAC2 /* PostManager+Like.swift in Sources */ = {isa = PBXBuildFile; fileRef = CA66D5862C6E2D35000DCAC2 /* PostManager+Like.swift */; };
		CA6AAC2C2C4B8CA10045449E /* ShareBookApp.swift in Sources */ = {isa = PBXBuildFile; fileRef = CA6AAC2B2C4B8CA10045449E /* ShareBookApp.swift */; };
		CA6AAC2E2C4B8CA10045449E /* ContentView.swift in Sources */ = {isa = PBXBuildFile; fileRef = CA6AAC2D2C4B8CA10045449E /* ContentView.swift */; };
		CA6AAC302C4B8CA20045449E /* Assets.xcassets in Resources */ = {isa = PBXBuildFile; fileRef = CA6AAC2F2C4B8CA20045449E /* Assets.xcassets */; };
		CA6AAC332C4B8CA20045449E /* Preview Assets.xcassets in Resources */ = {isa = PBXBuildFile; fileRef = CA6AAC322C4B8CA20045449E /* Preview Assets.xcassets */; };
		CA6AC97E2C53CA3900703DB5 /* ProfileViewModel.swift in Sources */ = {isa = PBXBuildFile; fileRef = CA6AC97D2C53CA3900703DB5 /* ProfileViewModel.swift */; };
		CA70E7F62C785E6400E3B91B /* LikeView.swift in Sources */ = {isa = PBXBuildFile; fileRef = CA70E7F52C785E6400E3B91B /* LikeView.swift */; };
		CA70E7FC2C785EA100E3B91B /* LikePostView.swift in Sources */ = {isa = PBXBuildFile; fileRef = CA70E7FB2C785EA100E3B91B /* LikePostView.swift */; };
		CA70E7FF2C785EC300E3B91B /* LikePostViewModel.swift in Sources */ = {isa = PBXBuildFile; fileRef = CA70E7FE2C785EC300E3B91B /* LikePostViewModel.swift */; };
		CA70E8022C785ED600E3B91B /* BookmarkBookView.swift in Sources */ = {isa = PBXBuildFile; fileRef = CA70E8012C785ED600E3B91B /* BookmarkBookView.swift */; };
		CA70E8052C785EF100E3B91B /* BookmarkBookViewModel.swift in Sources */ = {isa = PBXBuildFile; fileRef = CA70E8042C785EF100E3B91B /* BookmarkBookViewModel.swift */; };
		CA7C5E442C81F0B6000F9F2B /* UserSupportService.swift in Sources */ = {isa = PBXBuildFile; fileRef = CA7C5E432C81F0B6000F9F2B /* UserSupportService.swift */; };
		CA7C5E462C81F156000F9F2B /* Feedback.swift in Sources */ = {isa = PBXBuildFile; fileRef = CA7C5E452C81F156000F9F2B /* Feedback.swift */; };
		CA7C5E482C81F34C000F9F2B /* FeedbackView.swift in Sources */ = {isa = PBXBuildFile; fileRef = CA7C5E472C81F34C000F9F2B /* FeedbackView.swift */; };
		CA7C5E4B2C81F35C000F9F2B /* FeedbackViewModel.swift in Sources */ = {isa = PBXBuildFile; fileRef = CA7C5E4A2C81F35C000F9F2B /* FeedbackViewModel.swift */; };
		CA7DD0012C8E16BF00BE518C /* LightBlueColor.swift in Sources */ = {isa = PBXBuildFile; fileRef = CA7DD0002C8E16BF00BE518C /* LightBlueColor.swift */; };
		CA83A4912C4CB74B004F06E7 /* LoginView.swift in Sources */ = {isa = PBXBuildFile; fileRef = CA83A4902C4CB74B004F06E7 /* LoginView.swift */; };
		CA84D1A12C80875A00F2A910 /* BookCoverContentView.swift in Sources */ = {isa = PBXBuildFile; fileRef = CA84D1A02C80875A00F2A910 /* BookCoverContentView.swift */; };
		CA84D1A32C808E4E00F2A910 /* ProfileEditView.swift in Sources */ = {isa = PBXBuildFile; fileRef = CA84D1A22C808E4E00F2A910 /* ProfileEditView.swift */; };
		CA84D1A72C80A21100F2A910 /* ProfileOptionView.swift in Sources */ = {isa = PBXBuildFile; fileRef = CA84D1A62C80A21100F2A910 /* ProfileOptionView.swift */; };
		CA8662E02C8347C000B56983 /* Shimmer in Frameworks */ = {isa = PBXBuildFile; productRef = CA8662DF2C8347C000B56983 /* Shimmer */; };
		CA8EDE912C5356A500641983 /* LoginViewModel+Apple.swift in Sources */ = {isa = PBXBuildFile; fileRef = CA8EDE902C5356A500641983 /* LoginViewModel+Apple.swift */; };
		CA9A3FA42C78B6CB00804B8E /* BookCoverView.swift in Sources */ = {isa = PBXBuildFile; fileRef = CA9A3FA32C78B6CB00804B8E /* BookCoverView.swift */; };
		CA9A3FA72C78B74500804B8E /* BookViewModel.swift in Sources */ = {isa = PBXBuildFile; fileRef = CA9A3FA62C78B74500804B8E /* BookViewModel.swift */; };
		CA9A3FA92C78B77300804B8E /* BookDetailView.swift in Sources */ = {isa = PBXBuildFile; fileRef = CA9A3FA82C78B77300804B8E /* BookDetailView.swift */; };
		CAA0C5F52C549FE300E7433D /* NewPostView.swift in Sources */ = {isa = PBXBuildFile; fileRef = CAA0C5F42C549FE300E7433D /* NewPostView.swift */; };
		CAA0C5FF2C54B38600E7433D /* Book.swift in Sources */ = {isa = PBXBuildFile; fileRef = CAA0C5FE2C54B38600E7433D /* Book.swift */; };
		CAA0C6012C54B39300E7433D /* BookList.swift in Sources */ = {isa = PBXBuildFile; fileRef = CAA0C6002C54B39300E7433D /* BookList.swift */; };
		CAA0C6072C54B82C00E7433D /* NewPostViewModel.swift in Sources */ = {isa = PBXBuildFile; fileRef = CAA0C6062C54B82C00E7433D /* NewPostViewModel.swift */; };
		CAA235812C81D525009875A4 /* CommentSheetCapsule.swift in Sources */ = {isa = PBXBuildFile; fileRef = CAA235802C81D525009875A4 /* CommentSheetCapsule.swift */; };
		CAA4BE702C7A572900611C2D /* UserLikePost.swift in Sources */ = {isa = PBXBuildFile; fileRef = CAA4BE6F2C7A572900611C2D /* UserLikePost.swift */; };
		CAAFE01F2C4FC72600953557 /* Girl3DView.swift in Sources */ = {isa = PBXBuildFile; fileRef = CAAFE01E2C4FC72600953557 /* Girl3DView.swift */; };
		CAB2E9942C69FB52006E1063 /* PostManager.swift in Sources */ = {isa = PBXBuildFile; fileRef = CAB2E9932C69FB52006E1063 /* PostManager.swift */; };
		CAB7FE422C73B73500A2D967 /* CommentListView.swift in Sources */ = {isa = PBXBuildFile; fileRef = CAB7FE412C73B73500A2D967 /* CommentListView.swift */; };
		CABE31B92C4CAA450010AC20 /* GoogleService-Info.plist in Resources */ = {isa = PBXBuildFile; fileRef = CABE31B82C4CAA450010AC20 /* GoogleService-Info.plist */; };
		CABE31BC2C4CAB090010AC20 /* FirebaseAuth in Frameworks */ = {isa = PBXBuildFile; productRef = CABE31BB2C4CAB090010AC20 /* FirebaseAuth */; };
		CABE31BE2C4CAB090010AC20 /* FirebaseFirestore in Frameworks */ = {isa = PBXBuildFile; productRef = CABE31BD2C4CAB090010AC20 /* FirebaseFirestore */; };
		CABE31C02C4CAB090010AC20 /* FirebaseFirestoreSwift in Frameworks */ = {isa = PBXBuildFile; productRef = CABE31BF2C4CAB090010AC20 /* FirebaseFirestoreSwift */; };
		CABE31C22C4CAB090010AC20 /* FirebaseStorage in Frameworks */ = {isa = PBXBuildFile; productRef = CABE31C12C4CAB090010AC20 /* FirebaseStorage */; };
		CABE31C52C4CAD390010AC20 /* Kingfisher in Frameworks */ = {isa = PBXBuildFile; productRef = CABE31C42C4CAD390010AC20 /* Kingfisher */; };
		CABE31C72C4CADA60010AC20 /* MainTabView.swift in Sources */ = {isa = PBXBuildFile; fileRef = CABE31C62C4CADA60010AC20 /* MainTabView.swift */; };
		CABE31C92C4CAE170010AC20 /* ProfileView.swift in Sources */ = {isa = PBXBuildFile; fileRef = CABE31C82C4CAE170010AC20 /* ProfileView.swift */; };
		CABE31CB2C4CAE550010AC20 /* HomeView.swift in Sources */ = {isa = PBXBuildFile; fileRef = CABE31CA2C4CAE550010AC20 /* HomeView.swift */; };
		CAC116E02C573FB40047E7D4 /* BookManager.swift in Sources */ = {isa = PBXBuildFile; fileRef = CAC116DF2C573FB40047E7D4 /* BookManager.swift */; };
		CAC3304A2C4F38FB003C8A71 /* FullGirl3DView.swift in Sources */ = {isa = PBXBuildFile; fileRef = CAC330492C4F38FB003C8A71 /* FullGirl3DView.swift */; };
		CAC3304E2C4F4327003C8A71 /* SplineRuntime in Frameworks */ = {isa = PBXBuildFile; productRef = CAC3304D2C4F4327003C8A71 /* SplineRuntime */; };
		CAC3549B2C81FCCE00EEA8F9 /* Report.swift in Sources */ = {isa = PBXBuildFile; fileRef = CAC3549A2C81FCCE00EEA8F9 /* Report.swift */; };
		CAC3549D2C8214DA00EEA8F9 /* InViewButtonModifier.swift in Sources */ = {isa = PBXBuildFile; fileRef = CAC3549C2C8214DA00EEA8F9 /* InViewButtonModifier.swift */; };
		CAC3549F2C821E9E00EEA8F9 /* TileModifier.swift in Sources */ = {isa = PBXBuildFile; fileRef = CAC3549E2C821E9E00EEA8F9 /* TileModifier.swift */; };
		CAC354A12C822AA400EEA8F9 /* ProfileEditPostPickerView.swift in Sources */ = {isa = PBXBuildFile; fileRef = CAC354A02C822AA400EEA8F9 /* ProfileEditPostPickerView.swift */; };
		CAC354A32C8234F400EEA8F9 /* PostProfileCoverContentView.swift in Sources */ = {isa = PBXBuildFile; fileRef = CAC354A22C8234F400EEA8F9 /* PostProfileCoverContentView.swift */; };
		CAC354A82C823AEE00EEA8F9 /* ProfileManager.swift in Sources */ = {isa = PBXBuildFile; fileRef = CAC354A72C823AEE00EEA8F9 /* ProfileManager.swift */; };
		CACD58832C7307020070593A /* CommentViewModel.swift in Sources */ = {isa = PBXBuildFile; fileRef = CACD58822C7307020070593A /* CommentViewModel.swift */; };
		CACD58852C73096E0070593A /* CommentReplyView.swift in Sources */ = {isa = PBXBuildFile; fileRef = CACD58842C73096E0070593A /* CommentReplyView.swift */; };
		CAD01ED52C5F48F6001E479F /* BookManager+Bookmark.swift in Sources */ = {isa = PBXBuildFile; fileRef = CAD01ED42C5F48F6001E479F /* BookManager+Bookmark.swift */; };
		CAD01ED72C5F4960001E479F /* AuthManager+SocialLogin.swift in Sources */ = {isa = PBXBuildFile; fileRef = CAD01ED62C5F4960001E479F /* AuthManager+SocialLogin.swift */; };
		CAD0F36A2C4DF2D7006ABFD1 /* SignupViewModel.swift in Sources */ = {isa = PBXBuildFile; fileRef = CAD0F3692C4DF2D7006ABFD1 /* SignupViewModel.swift */; };
		CAD0F3732C4E11C6006ABFD1 /* EnterEmailView.swift in Sources */ = {isa = PBXBuildFile; fileRef = CAD0F3722C4E11C6006ABFD1 /* EnterEmailView.swift */; };
		CAD0F3752C4E1618006ABFD1 /* ItalicFontModifier.swift in Sources */ = {isa = PBXBuildFile; fileRef = CAD0F3742C4E1618006ABFD1 /* ItalicFontModifier.swift */; };
		CAD0F3772C4E1B9C006ABFD1 /* GradientBackgroundView.swift in Sources */ = {isa = PBXBuildFile; fileRef = CAD0F3762C4E1B9C006ABFD1 /* GradientBackgroundView.swift */; };
		CAD8FEFE2C53D6900000446B /* ImageManager.swift in Sources */ = {isa = PBXBuildFile; fileRef = CAD8FEFD2C53D6900000446B /* ImageManager.swift */; };
		CADBA2F42C4E63CD001C6445 /* EnterPasswordView.swift in Sources */ = {isa = PBXBuildFile; fileRef = CADBA2F32C4E63CD001C6445 /* EnterPasswordView.swift */; };
		CADBA2F82C4E63DF001C6445 /* EnterUsernameView.swift in Sources */ = {isa = PBXBuildFile; fileRef = CADBA2F72C4E63DF001C6445 /* EnterUsernameView.swift */; };
		CADBA2FA2C4E63FE001C6445 /* CompleteSignupView.swift in Sources */ = {isa = PBXBuildFile; fileRef = CADBA2F92C4E63FE001C6445 /* CompleteSignupView.swift */; };
		CADD907A2C6A55740023C512 /* HomeViewModel.swift in Sources */ = {isa = PBXBuildFile; fileRef = CADD90792C6A55740023C512 /* HomeViewModel.swift */; };
		CAE6015B2C5096D30013413C /* SplashView.swift in Sources */ = {isa = PBXBuildFile; fileRef = CAE6015A2C5096D30013413C /* SplashView.swift */; };
		CAE6015E2C50F5D50013413C /* KakaoSDKAuth in Frameworks */ = {isa = PBXBuildFile; productRef = CAE6015D2C50F5D50013413C /* KakaoSDKAuth */; };
		CAE601602C50F5D50013413C /* KakaoSDKCommon in Frameworks */ = {isa = PBXBuildFile; productRef = CAE6015F2C50F5D50013413C /* KakaoSDKCommon */; };
		CAE601622C50F5D50013413C /* KakaoSDKUser in Frameworks */ = {isa = PBXBuildFile; productRef = CAE601612C50F5D50013413C /* KakaoSDKUser */; };
		CAE601652C50FCB90013413C /* LoginViewModel+Kakao.swift in Sources */ = {isa = PBXBuildFile; fileRef = CAE601642C50FCB80013413C /* LoginViewModel+Kakao.swift */; };
		CAE601682C5100FA0013413C /* .gitignore in Resources */ = {isa = PBXBuildFile; fileRef = CAE601672C5100FA0013413C /* .gitignore */; };
		CAEDAB532C5A00B80077883E /* AuthManager+Hash.swift in Sources */ = {isa = PBXBuildFile; fileRef = CAEDAB522C5A00B80077883E /* AuthManager+Hash.swift */; };
		CAEDAB562C5A015A0077883E /* CryptoSwift in Frameworks */ = {isa = PBXBuildFile; productRef = CAEDAB552C5A015A0077883E /* CryptoSwift */; };
		CAFE2C272C54F655000A3047 /* Alamofire in Frameworks */ = {isa = PBXBuildFile; productRef = CAFE2C262C54F655000A3047 /* Alamofire */; };
/* End PBXBuildFile section */

/* Begin PBXFileReference section */
		CA0846D62C608BBE00D86A91 /* Post.swift */ = {isa = PBXFileReference; lastKnownFileType = sourcecode.swift; path = Post.swift; sourceTree = "<group>"; };
		CA10EEC12C60CC4700901979 /* NewPostUploadPostView.swift */ = {isa = PBXFileReference; lastKnownFileType = sourcecode.swift; path = NewPostUploadPostView.swift; sourceTree = "<group>"; };
		CA10EEC42C60CC6400901979 /* NewPostUploadPostViewModel.swift */ = {isa = PBXFileReference; lastKnownFileType = sourcecode.swift; path = NewPostUploadPostViewModel.swift; sourceTree = "<group>"; };
		CA1126B72C6D27CF009277F3 /* CommentListViewModel.swift */ = {isa = PBXFileReference; lastKnownFileType = sourcecode.swift; path = CommentListViewModel.swift; sourceTree = "<group>"; };
		CA20A8132C7CC824008F3E8B /* HttpMethod.swift */ = {isa = PBXFileReference; lastKnownFileType = sourcecode.swift; path = HttpMethod.swift; sourceTree = "<group>"; };
		CA20A8152C7CC84A008F3E8B /* LikeTab.swift */ = {isa = PBXFileReference; lastKnownFileType = sourcecode.swift; path = LikeTab.swift; sourceTree = "<group>"; };
		CA20A8172C7CC8F9008F3E8B /* MainTab.swift */ = {isa = PBXFileReference; lastKnownFileType = sourcecode.swift; path = MainTab.swift; sourceTree = "<group>"; };
		CA20A8192C7CC93A008F3E8B /* Genre.swift */ = {isa = PBXFileReference; lastKnownFileType = sourcecode.swift; path = Genre.swift; sourceTree = "<group>"; };
		CA20A81B2C7CC9ED008F3E8B /* ImagePath.swift */ = {isa = PBXFileReference; lastKnownFileType = sourcecode.swift; path = ImagePath.swift; sourceTree = "<group>"; };
		CA20A81D2C7CCA0B008F3E8B /* NavStackView.swift */ = {isa = PBXFileReference; lastKnownFileType = sourcecode.swift; path = NavStackView.swift; sourceTree = "<group>"; };
		CA2146D92C6B177900BE8C3F /* TitleColor.swift */ = {isa = PBXFileReference; lastKnownFileType = sourcecode.swift; path = TitleColor.swift; sourceTree = "<group>"; };
		CA2567042C56A060009F13A2 /* Test3DView.swift */ = {isa = PBXFileReference; lastKnownFileType = sourcecode.swift; path = Test3DView.swift; sourceTree = "<group>"; };
		CA2CA1B02C591682001D8B89 /* JwtManager.swift */ = {isa = PBXFileReference; lastKnownFileType = sourcecode.swift; path = JwtManager.swift; sourceTree = "<group>"; };
		CA2FDAC82C73AD5C00D8C4D6 /* CommentListViewModel+Reply.swift */ = {isa = PBXFileReference; lastKnownFileType = sourcecode.swift; path = "CommentListViewModel+Reply.swift"; sourceTree = "<group>"; };
		CA3139AA2C77766B001AF2AE /* MoreOptionsView.swift */ = {isa = PBXFileReference; lastKnownFileType = sourcecode.swift; path = MoreOptionsView.swift; sourceTree = "<group>"; };
		CA3139AD2C778599001AF2AE /* MoreOptionsViewModel.swift */ = {isa = PBXFileReference; lastKnownFileType = sourcecode.swift; path = MoreOptionsViewModel.swift; sourceTree = "<group>"; };
		CA3221DF2C7C2992003658B3 /* NavRouter.swift */ = {isa = PBXFileReference; lastKnownFileType = sourcecode.swift; path = NavRouter.swift; sourceTree = "<group>"; };
		CA32836C2C8DEDE60015C294 /* MainCustomTabView.swift */ = {isa = PBXFileReference; lastKnownFileType = sourcecode.swift; path = MainCustomTabView.swift; sourceTree = "<group>"; };
		CA3A8D882C8C58C60032ECB6 /* PostSearchView.swift */ = {isa = PBXFileReference; lastKnownFileType = sourcecode.swift; path = PostSearchView.swift; sourceTree = "<group>"; };
		CA3A8D8A2C8C58CF0032ECB6 /* PostSearchViewModel.swift */ = {isa = PBXFileReference; lastKnownFileType = sourcecode.swift; path = PostSearchViewModel.swift; sourceTree = "<group>"; };
		CA3A8D8C2C8C660E0032ECB6 /* PostManager+Search.swift */ = {isa = PBXFileReference; lastKnownFileType = sourcecode.swift; path = "PostManager+Search.swift"; sourceTree = "<group>"; };
		CA3A8D8E2C8C933C0032ECB6 /* MainTabCapsule.swift */ = {isa = PBXFileReference; lastKnownFileType = sourcecode.swift; path = MainTabCapsule.swift; sourceTree = "<group>"; };
		CA3C5D332C7E102A00C52D0B /* AuthManager+Follow.swift */ = {isa = PBXFileReference; lastKnownFileType = sourcecode.swift; path = "AuthManager+Follow.swift"; sourceTree = "<group>"; };
		CA3CA8FD2C7A0FBB007F2EDC /* PostCoverView.swift */ = {isa = PBXFileReference; lastKnownFileType = sourcecode.swift; path = PostCoverView.swift; sourceTree = "<group>"; };
		CA3CA8FF2C7A0FEB007F2EDC /* PostViewModel.swift */ = {isa = PBXFileReference; lastKnownFileType = sourcecode.swift; path = PostViewModel.swift; sourceTree = "<group>"; };
		CA3CA9032C7A104F007F2EDC /* PostViewModel+Like.swift */ = {isa = PBXFileReference; lastKnownFileType = sourcecode.swift; path = "PostViewModel+Like.swift"; sourceTree = "<group>"; };
		CA3CA9052C7A1059007F2EDC /* PostViewModel+Comment.swift */ = {isa = PBXFileReference; lastKnownFileType = sourcecode.swift; path = "PostViewModel+Comment.swift"; sourceTree = "<group>"; };
		CA3CA9072C7A110E007F2EDC /* PostDetailView.swift */ = {isa = PBXFileReference; lastKnownFileType = sourcecode.swift; path = PostDetailView.swift; sourceTree = "<group>"; };
		CA3E7B302C78CBD300F610A4 /* LikesHeadTabView.swift */ = {isa = PBXFileReference; lastKnownFileType = sourcecode.swift; path = LikesHeadTabView.swift; sourceTree = "<group>"; };
		CA450DB12C8397B300BCCC0E /* girl3D.splineswift */ = {isa = PBXFileReference; lastKnownFileType = file; path = girl3D.splineswift; sourceTree = "<group>"; };
		CA450DB32C8398A900BCCC0E /* fullGirl3D.splineswift */ = {isa = PBXFileReference; lastKnownFileType = file; path = fullGirl3D.splineswift; sourceTree = "<group>"; };
		CA4FC6A52C4E987100525570 /* TextFieldModifier.swift */ = {isa = PBXFileReference; lastKnownFileType = sourcecode.swift; path = TextFieldModifier.swift; sourceTree = "<group>"; };
		CA4FC6A82C4E993B00525570 /* AuthViewButtonModifier.swift */ = {isa = PBXFileReference; lastKnownFileType = sourcecode.swift; path = AuthViewButtonModifier.swift; sourceTree = "<group>"; };
		CA4FC6AC2C4EC3BC00525570 /* BackButtonModifier.swift */ = {isa = PBXFileReference; lastKnownFileType = sourcecode.swift; path = BackButtonModifier.swift; sourceTree = "<group>"; };
		CA512E252C7D9E6700995C69 /* PostProfileCoverView.swift */ = {isa = PBXFileReference; lastKnownFileType = sourcecode.swift; path = PostProfileCoverView.swift; sourceTree = "<group>"; };
		CA56F23D2C7259FE00F4980D /* CommentManager+Reply.swift */ = {isa = PBXFileReference; lastKnownFileType = sourcecode.swift; path = "CommentManager+Reply.swift"; sourceTree = "<group>"; };
		CA62D06E2C6DB72500A652EA /* CommentManager.swift */ = {isa = PBXFileReference; lastKnownFileType = sourcecode.swift; path = CommentManager.swift; sourceTree = "<group>"; };
		CA62D0712C6DB7DA00A652EA /* CommentView.swift */ = {isa = PBXFileReference; lastKnownFileType = sourcecode.swift; path = CommentView.swift; sourceTree = "<group>"; };
		CA62D0732C6DB8D300A652EA /* Comment.swift */ = {isa = PBXFileReference; lastKnownFileType = sourcecode.swift; path = Comment.swift; sourceTree = "<group>"; };
		CA62D0752C6DC58F00A652EA /* Date+RelativeTimeString.swift */ = {isa = PBXFileReference; lastKnownFileType = sourcecode.swift; path = "Date+RelativeTimeString.swift"; sourceTree = "<group>"; };
		CA6609BB2C4D4BE30091091F /* User.swift */ = {isa = PBXFileReference; lastKnownFileType = sourcecode.swift; path = User.swift; sourceTree = "<group>"; };
		CA6609BD2C4D4C580091091F /* LoginViewModel.swift */ = {isa = PBXFileReference; lastKnownFileType = sourcecode.swift; path = LoginViewModel.swift; sourceTree = "<group>"; };
		CA6609C12C4D4C8E0091091F /* AuthManager.swift */ = {isa = PBXFileReference; lastKnownFileType = sourcecode.swift; path = AuthManager.swift; sourceTree = "<group>"; };
		CA66D5862C6E2D35000DCAC2 /* PostManager+Like.swift */ = {isa = PBXFileReference; lastKnownFileType = sourcecode.swift; path = "PostManager+Like.swift"; sourceTree = "<group>"; };
		CA6AAC282C4B8CA10045449E /* ShareBook.app */ = {isa = PBXFileReference; explicitFileType = wrapper.application; includeInIndex = 0; path = ShareBook.app; sourceTree = BUILT_PRODUCTS_DIR; };
		CA6AAC2B2C4B8CA10045449E /* ShareBookApp.swift */ = {isa = PBXFileReference; lastKnownFileType = sourcecode.swift; path = ShareBookApp.swift; sourceTree = "<group>"; };
		CA6AAC2D2C4B8CA10045449E /* ContentView.swift */ = {isa = PBXFileReference; lastKnownFileType = sourcecode.swift; path = ContentView.swift; sourceTree = "<group>"; };
		CA6AAC2F2C4B8CA20045449E /* Assets.xcassets */ = {isa = PBXFileReference; lastKnownFileType = folder.assetcatalog; path = Assets.xcassets; sourceTree = "<group>"; };
		CA6AAC322C4B8CA20045449E /* Preview Assets.xcassets */ = {isa = PBXFileReference; lastKnownFileType = folder.assetcatalog; path = "Preview Assets.xcassets"; sourceTree = "<group>"; };
		CA6AC97D2C53CA3900703DB5 /* ProfileViewModel.swift */ = {isa = PBXFileReference; lastKnownFileType = sourcecode.swift; path = ProfileViewModel.swift; sourceTree = "<group>"; };
		CA70E7F52C785E6400E3B91B /* LikeView.swift */ = {isa = PBXFileReference; lastKnownFileType = sourcecode.swift; path = LikeView.swift; sourceTree = "<group>"; };
		CA70E7FB2C785EA100E3B91B /* LikePostView.swift */ = {isa = PBXFileReference; lastKnownFileType = sourcecode.swift; path = LikePostView.swift; sourceTree = "<group>"; };
		CA70E7FE2C785EC300E3B91B /* LikePostViewModel.swift */ = {isa = PBXFileReference; lastKnownFileType = sourcecode.swift; path = LikePostViewModel.swift; sourceTree = "<group>"; };
		CA70E8012C785ED600E3B91B /* BookmarkBookView.swift */ = {isa = PBXFileReference; lastKnownFileType = sourcecode.swift; path = BookmarkBookView.swift; sourceTree = "<group>"; };
		CA70E8042C785EF100E3B91B /* BookmarkBookViewModel.swift */ = {isa = PBXFileReference; lastKnownFileType = sourcecode.swift; path = BookmarkBookViewModel.swift; sourceTree = "<group>"; };
		CA7C5E432C81F0B6000F9F2B /* UserSupportService.swift */ = {isa = PBXFileReference; lastKnownFileType = sourcecode.swift; path = UserSupportService.swift; sourceTree = "<group>"; };
		CA7C5E452C81F156000F9F2B /* Feedback.swift */ = {isa = PBXFileReference; lastKnownFileType = sourcecode.swift; path = Feedback.swift; sourceTree = "<group>"; };
		CA7C5E472C81F34C000F9F2B /* FeedbackView.swift */ = {isa = PBXFileReference; lastKnownFileType = sourcecode.swift; path = FeedbackView.swift; sourceTree = "<group>"; };
		CA7C5E4A2C81F35C000F9F2B /* FeedbackViewModel.swift */ = {isa = PBXFileReference; lastKnownFileType = sourcecode.swift; path = FeedbackViewModel.swift; sourceTree = "<group>"; };
		CA7DD0002C8E16BF00BE518C /* LightBlueColor.swift */ = {isa = PBXFileReference; lastKnownFileType = sourcecode.swift; path = LightBlueColor.swift; sourceTree = "<group>"; };
		CA83A4902C4CB74B004F06E7 /* LoginView.swift */ = {isa = PBXFileReference; lastKnownFileType = sourcecode.swift; path = LoginView.swift; sourceTree = "<group>"; };
		CA84D1A02C80875A00F2A910 /* BookCoverContentView.swift */ = {isa = PBXFileReference; lastKnownFileType = sourcecode.swift; path = BookCoverContentView.swift; sourceTree = "<group>"; };
		CA84D1A22C808E4E00F2A910 /* ProfileEditView.swift */ = {isa = PBXFileReference; lastKnownFileType = sourcecode.swift; path = ProfileEditView.swift; sourceTree = "<group>"; };
		CA84D1A62C80A21100F2A910 /* ProfileOptionView.swift */ = {isa = PBXFileReference; lastKnownFileType = sourcecode.swift; path = ProfileOptionView.swift; sourceTree = "<group>"; };
		CA8EDE8F2C534D7600641983 /* ShareBook.entitlements */ = {isa = PBXFileReference; lastKnownFileType = text.plist.entitlements; path = ShareBook.entitlements; sourceTree = "<group>"; };
		CA8EDE902C5356A500641983 /* LoginViewModel+Apple.swift */ = {isa = PBXFileReference; lastKnownFileType = sourcecode.swift; path = "LoginViewModel+Apple.swift"; sourceTree = "<group>"; };
		CA9A3FA32C78B6CB00804B8E /* BookCoverView.swift */ = {isa = PBXFileReference; lastKnownFileType = sourcecode.swift; path = BookCoverView.swift; sourceTree = "<group>"; };
		CA9A3FA62C78B74500804B8E /* BookViewModel.swift */ = {isa = PBXFileReference; lastKnownFileType = sourcecode.swift; path = BookViewModel.swift; sourceTree = "<group>"; };
		CA9A3FA82C78B77300804B8E /* BookDetailView.swift */ = {isa = PBXFileReference; lastKnownFileType = sourcecode.swift; path = BookDetailView.swift; sourceTree = "<group>"; };
		CAA0C5F42C549FE300E7433D /* NewPostView.swift */ = {isa = PBXFileReference; lastKnownFileType = sourcecode.swift; path = NewPostView.swift; sourceTree = "<group>"; };
		CAA0C5FE2C54B38600E7433D /* Book.swift */ = {isa = PBXFileReference; lastKnownFileType = sourcecode.swift; path = Book.swift; sourceTree = "<group>"; };
		CAA0C6002C54B39300E7433D /* BookList.swift */ = {isa = PBXFileReference; lastKnownFileType = sourcecode.swift; path = BookList.swift; sourceTree = "<group>"; };
		CAA0C6062C54B82C00E7433D /* NewPostViewModel.swift */ = {isa = PBXFileReference; lastKnownFileType = sourcecode.swift; path = NewPostViewModel.swift; sourceTree = "<group>"; };
		CAA235802C81D525009875A4 /* CommentSheetCapsule.swift */ = {isa = PBXFileReference; lastKnownFileType = sourcecode.swift; path = CommentSheetCapsule.swift; sourceTree = "<group>"; };
		CAA4BE6F2C7A572900611C2D /* UserLikePost.swift */ = {isa = PBXFileReference; lastKnownFileType = sourcecode.swift; path = UserLikePost.swift; sourceTree = "<group>"; };
		CAAFE01E2C4FC72600953557 /* Girl3DView.swift */ = {isa = PBXFileReference; lastKnownFileType = sourcecode.swift; path = Girl3DView.swift; sourceTree = "<group>"; };
		CAB2E9932C69FB52006E1063 /* PostManager.swift */ = {isa = PBXFileReference; lastKnownFileType = sourcecode.swift; path = PostManager.swift; sourceTree = "<group>"; };
		CAB7FE412C73B73500A2D967 /* CommentListView.swift */ = {isa = PBXFileReference; lastKnownFileType = sourcecode.swift; path = CommentListView.swift; sourceTree = "<group>"; };
		CABE31B82C4CAA450010AC20 /* GoogleService-Info.plist */ = {isa = PBXFileReference; fileEncoding = 4; lastKnownFileType = text.plist.xml; path = "GoogleService-Info.plist"; sourceTree = "<group>"; };
		CABE31C62C4CADA60010AC20 /* MainTabView.swift */ = {isa = PBXFileReference; lastKnownFileType = sourcecode.swift; path = MainTabView.swift; sourceTree = "<group>"; };
		CABE31C82C4CAE170010AC20 /* ProfileView.swift */ = {isa = PBXFileReference; lastKnownFileType = sourcecode.swift; path = ProfileView.swift; sourceTree = "<group>"; };
		CABE31CA2C4CAE550010AC20 /* HomeView.swift */ = {isa = PBXFileReference; lastKnownFileType = sourcecode.swift; path = HomeView.swift; sourceTree = "<group>"; };
		CAC116DF2C573FB40047E7D4 /* BookManager.swift */ = {isa = PBXFileReference; lastKnownFileType = sourcecode.swift; path = BookManager.swift; sourceTree = "<group>"; };
		CAC330492C4F38FB003C8A71 /* FullGirl3DView.swift */ = {isa = PBXFileReference; lastKnownFileType = sourcecode.swift; path = FullGirl3DView.swift; sourceTree = "<group>"; };
		CAC3549A2C81FCCE00EEA8F9 /* Report.swift */ = {isa = PBXFileReference; lastKnownFileType = sourcecode.swift; path = Report.swift; sourceTree = "<group>"; };
		CAC3549C2C8214DA00EEA8F9 /* InViewButtonModifier.swift */ = {isa = PBXFileReference; lastKnownFileType = sourcecode.swift; path = InViewButtonModifier.swift; sourceTree = "<group>"; };
		CAC3549E2C821E9E00EEA8F9 /* TileModifier.swift */ = {isa = PBXFileReference; lastKnownFileType = sourcecode.swift; path = TileModifier.swift; sourceTree = "<group>"; };
		CAC354A02C822AA400EEA8F9 /* ProfileEditPostPickerView.swift */ = {isa = PBXFileReference; lastKnownFileType = sourcecode.swift; path = ProfileEditPostPickerView.swift; sourceTree = "<group>"; };
		CAC354A22C8234F400EEA8F9 /* PostProfileCoverContentView.swift */ = {isa = PBXFileReference; lastKnownFileType = sourcecode.swift; path = PostProfileCoverContentView.swift; sourceTree = "<group>"; };
		CAC354A72C823AEE00EEA8F9 /* ProfileManager.swift */ = {isa = PBXFileReference; lastKnownFileType = sourcecode.swift; path = ProfileManager.swift; sourceTree = "<group>"; };
		CACD58822C7307020070593A /* CommentViewModel.swift */ = {isa = PBXFileReference; lastKnownFileType = sourcecode.swift; path = CommentViewModel.swift; sourceTree = "<group>"; };
		CACD58842C73096E0070593A /* CommentReplyView.swift */ = {isa = PBXFileReference; lastKnownFileType = sourcecode.swift; path = CommentReplyView.swift; sourceTree = "<group>"; };
		CAD01ED42C5F48F6001E479F /* BookManager+Bookmark.swift */ = {isa = PBXFileReference; lastKnownFileType = sourcecode.swift; path = "BookManager+Bookmark.swift"; sourceTree = "<group>"; };
		CAD01ED62C5F4960001E479F /* AuthManager+SocialLogin.swift */ = {isa = PBXFileReference; lastKnownFileType = sourcecode.swift; path = "AuthManager+SocialLogin.swift"; sourceTree = "<group>"; };
		CAD0F3692C4DF2D7006ABFD1 /* SignupViewModel.swift */ = {isa = PBXFileReference; lastKnownFileType = sourcecode.swift; path = SignupViewModel.swift; sourceTree = "<group>"; };
		CAD0F3722C4E11C6006ABFD1 /* EnterEmailView.swift */ = {isa = PBXFileReference; lastKnownFileType = sourcecode.swift; path = EnterEmailView.swift; sourceTree = "<group>"; };
		CAD0F3742C4E1618006ABFD1 /* ItalicFontModifier.swift */ = {isa = PBXFileReference; lastKnownFileType = sourcecode.swift; path = ItalicFontModifier.swift; sourceTree = "<group>"; };
		CAD0F3762C4E1B9C006ABFD1 /* GradientBackgroundView.swift */ = {isa = PBXFileReference; lastKnownFileType = sourcecode.swift; path = GradientBackgroundView.swift; sourceTree = "<group>"; };
		CAD8FEFD2C53D6900000446B /* ImageManager.swift */ = {isa = PBXFileReference; lastKnownFileType = sourcecode.swift; path = ImageManager.swift; sourceTree = "<group>"; };
		CADBA2F32C4E63CD001C6445 /* EnterPasswordView.swift */ = {isa = PBXFileReference; lastKnownFileType = sourcecode.swift; path = EnterPasswordView.swift; sourceTree = "<group>"; };
		CADBA2F72C4E63DF001C6445 /* EnterUsernameView.swift */ = {isa = PBXFileReference; lastKnownFileType = sourcecode.swift; path = EnterUsernameView.swift; sourceTree = "<group>"; };
		CADBA2F92C4E63FE001C6445 /* CompleteSignupView.swift */ = {isa = PBXFileReference; lastKnownFileType = sourcecode.swift; path = CompleteSignupView.swift; sourceTree = "<group>"; };
		CADD90792C6A55740023C512 /* HomeViewModel.swift */ = {isa = PBXFileReference; lastKnownFileType = sourcecode.swift; path = HomeViewModel.swift; sourceTree = "<group>"; };
		CAE6015A2C5096D30013413C /* SplashView.swift */ = {isa = PBXFileReference; lastKnownFileType = sourcecode.swift; path = SplashView.swift; sourceTree = "<group>"; };
		CAE601632C50F6570013413C /* Info.plist */ = {isa = PBXFileReference; lastKnownFileType = text.plist; path = Info.plist; sourceTree = "<group>"; };
		CAE601642C50FCB80013413C /* LoginViewModel+Kakao.swift */ = {isa = PBXFileReference; lastKnownFileType = sourcecode.swift; path = "LoginViewModel+Kakao.swift"; sourceTree = "<group>"; };
		CAE601662C51005B0013413C /* Config.xcconfig */ = {isa = PBXFileReference; lastKnownFileType = text.xcconfig; path = Config.xcconfig; sourceTree = "<group>"; };
		CAE601672C5100FA0013413C /* .gitignore */ = {isa = PBXFileReference; lastKnownFileType = text; path = .gitignore; sourceTree = "<group>"; };
		CAEDAB522C5A00B80077883E /* AuthManager+Hash.swift */ = {isa = PBXFileReference; lastKnownFileType = sourcecode.swift; path = "AuthManager+Hash.swift"; sourceTree = "<group>"; };
/* End PBXFileReference section */

/* Begin PBXFrameworksBuildPhase section */
		CA6AAC252C4B8CA10045449E /* Frameworks */ = {
			isa = PBXFrameworksBuildPhase;
			buildActionMask = 2147483647;
			files = (
				CA8662E02C8347C000B56983 /* Shimmer in Frameworks */,
				CAE601602C50F5D50013413C /* KakaoSDKCommon in Frameworks */,
				CAE6015E2C50F5D50013413C /* KakaoSDKAuth in Frameworks */,
				CABE31BC2C4CAB090010AC20 /* FirebaseAuth in Frameworks */,
				CABE31C22C4CAB090010AC20 /* FirebaseStorage in Frameworks */,
				CABE31BE2C4CAB090010AC20 /* FirebaseFirestore in Frameworks */,
				CAFE2C272C54F655000A3047 /* Alamofire in Frameworks */,
				CABE31C02C4CAB090010AC20 /* FirebaseFirestoreSwift in Frameworks */,
				CAEDAB562C5A015A0077883E /* CryptoSwift in Frameworks */,
				CAC3304E2C4F4327003C8A71 /* SplineRuntime in Frameworks */,
				CABE31C52C4CAD390010AC20 /* Kingfisher in Frameworks */,
				CAE601622C50F5D50013413C /* KakaoSDKUser in Frameworks */,
			);
			runOnlyForDeploymentPostprocessing = 0;
		};
/* End PBXFrameworksBuildPhase section */

/* Begin PBXGroup section */
		CA0846D12C607D2F00D86A91 /* MainTab */ = {
			isa = PBXGroup;
			children = (
				CABE31CF2C4CAE700010AC20 /* Home */,
				CAA0C5F32C549FBD00E7433D /* NewPost */,
				CA83A48E2C4CB584004F06E7 /* Like */,
				CABE31CE2C4CAE690010AC20 /* Profile */,
			);
			path = MainTab;
			sourceTree = "<group>";
		};
		CA10A6C92C7A9CC500EE5A82 /* Auth */ = {
			isa = PBXGroup;
			children = (
				CA83A4922C4CB74F004F06E7 /* Login */,
				CAD0F3662C4DF2B1006ABFD1 /* Signup */,
			);
			path = Auth;
			sourceTree = "<group>";
		};
		CA1126B62C6D27B1009277F3 /* Comment */ = {
			isa = PBXGroup;
			children = (
				CAB7FE412C73B73500A2D967 /* CommentListView.swift */,
				CA62D0712C6DB7DA00A652EA /* CommentView.swift */,
				CACD58842C73096E0070593A /* CommentReplyView.swift */,
			);
			path = Comment;
			sourceTree = "<group>";
		};
		CA1126B92C6D27D2009277F3 /* Comment */ = {
			isa = PBXGroup;
			children = (
				CA1126B72C6D27CF009277F3 /* CommentListViewModel.swift */,
				CA2FDAC82C73AD5C00D8C4D6 /* CommentListViewModel+Reply.swift */,
				CACD58822C7307020070593A /* CommentViewModel.swift */,
			);
			path = Comment;
			sourceTree = "<group>";
		};
		CA20A80E2C7CB524008F3E8B /* Splash */ = {
			isa = PBXGroup;
			children = (
				CAE6015A2C5096D30013413C /* SplashView.swift */,
			);
			path = Splash;
			sourceTree = "<group>";
		};
		CA20A8122C7CC804008F3E8B /* Enum */ = {
			isa = PBXGroup;
			children = (
				CA20A8132C7CC824008F3E8B /* HttpMethod.swift */,
				CA20A8152C7CC84A008F3E8B /* LikeTab.swift */,
				CA20A8172C7CC8F9008F3E8B /* MainTab.swift */,
				CA20A8192C7CC93A008F3E8B /* Genre.swift */,
				CA20A81B2C7CC9ED008F3E8B /* ImagePath.swift */,
				CA20A81D2C7CCA0B008F3E8B /* NavStackView.swift */,
			);
			path = Enum;
			sourceTree = "<group>";
		};
		CA2146D82C6B175E00BE8C3F /* Color */ = {
			isa = PBXGroup;
			children = (
				CA2146D92C6B177900BE8C3F /* TitleColor.swift */,
				CA7DD0002C8E16BF00BE518C /* LightBlueColor.swift */,
			);
			path = Color;
			sourceTree = "<group>";
		};
		CA3139AC2C77766F001AF2AE /* MoreOptions */ = {
			isa = PBXGroup;
			children = (
				CA3139AA2C77766B001AF2AE /* MoreOptionsView.swift */,
			);
			path = MoreOptions;
			sourceTree = "<group>";
		};
		CA3139AF2C77859C001AF2AE /* MoreOptions */ = {
			isa = PBXGroup;
			children = (
				CA3139AD2C778599001AF2AE /* MoreOptionsViewModel.swift */,
			);
			path = MoreOptions;
			sourceTree = "<group>";
		};
		CA3221DE2C7C297B003658B3 /* Router */ = {
			isa = PBXGroup;
			children = (
				CA3221DF2C7C2992003658B3 /* NavRouter.swift */,
			);
			path = Router;
			sourceTree = "<group>";
		};
		CA3221E12C7C29A1003658B3 /* TabBar */ = {
			isa = PBXGroup;
			children = (
				CA3E7B302C78CBD300F610A4 /* LikesHeadTabView.swift */,
				CA32836C2C8DEDE60015C294 /* MainCustomTabView.swift */,
			);
			path = TabBar;
			sourceTree = "<group>";
		};
		CA3CA8FC2C7A0FAF007F2EDC /* Post */ = {
			isa = PBXGroup;
			children = (
				CA3CA9012C7A0FEE007F2EDC /* View */,
				CA3CA9022C7A0FFA007F2EDC /* ViewModel */,
			);
			path = Post;
			sourceTree = "<group>";
		};
		CA3CA9012C7A0FEE007F2EDC /* View */ = {
			isa = PBXGroup;
			children = (
				CA3CA8FD2C7A0FBB007F2EDC /* PostCoverView.swift */,
				CA512E252C7D9E6700995C69 /* PostProfileCoverView.swift */,
				CAC354A22C8234F400EEA8F9 /* PostProfileCoverContentView.swift */,
				CA3CA9072C7A110E007F2EDC /* PostDetailView.swift */,
				CA1126B62C6D27B1009277F3 /* Comment */,
				CA3139AC2C77766F001AF2AE /* MoreOptions */,
			);
			path = View;
			sourceTree = "<group>";
		};
		CA3CA9022C7A0FFA007F2EDC /* ViewModel */ = {
			isa = PBXGroup;
			children = (
				CA3CA8FF2C7A0FEB007F2EDC /* PostViewModel.swift */,
				CA3CA9032C7A104F007F2EDC /* PostViewModel+Like.swift */,
				CA3CA9052C7A1059007F2EDC /* PostViewModel+Comment.swift */,
				CA1126B92C6D27D2009277F3 /* Comment */,
				CA3139AF2C77859C001AF2AE /* MoreOptions */,
			);
			path = ViewModel;
			sourceTree = "<group>";
		};
		CA3E7B322C78D83D00F610A4 /* Common */ = {
			isa = PBXGroup;
			children = (
				CA3CA8FC2C7A0FAF007F2EDC /* Post */,
				CA3E7B332C78D91E00F610A4 /* Book */,
			);
			path = Common;
			sourceTree = "<group>";
		};
		CA3E7B332C78D91E00F610A4 /* Book */ = {
			isa = PBXGroup;
			children = (
				CA3E7B342C78D92E00F610A4 /* View */,
				CA3E7B352C78D93200F610A4 /* ViewModel */,
			);
			path = Book;
			sourceTree = "<group>";
		};
		CA3E7B342C78D92E00F610A4 /* View */ = {
			isa = PBXGroup;
			children = (
				CA9A3FA32C78B6CB00804B8E /* BookCoverView.swift */,
				CA84D1A02C80875A00F2A910 /* BookCoverContentView.swift */,
				CA9A3FA82C78B77300804B8E /* BookDetailView.swift */,
			);
			path = View;
			sourceTree = "<group>";
		};
		CA3E7B352C78D93200F610A4 /* ViewModel */ = {
			isa = PBXGroup;
			children = (
				CA9A3FA62C78B74500804B8E /* BookViewModel.swift */,
			);
			path = ViewModel;
			sourceTree = "<group>";
		};
		CA4FC6A72C4E992A00525570 /* Modifier */ = {
			isa = PBXGroup;
			children = (
				CA4FC6A52C4E987100525570 /* TextFieldModifier.swift */,
				CAD0F3742C4E1618006ABFD1 /* ItalicFontModifier.swift */,
				CA4FC6A82C4E993B00525570 /* AuthViewButtonModifier.swift */,
				CAC3549C2C8214DA00EEA8F9 /* InViewButtonModifier.swift */,
				CA4FC6AC2C4EC3BC00525570 /* BackButtonModifier.swift */,
				CAC3549E2C821E9E00EEA8F9 /* TileModifier.swift */,
			);
			path = Modifier;
			sourceTree = "<group>";
		};
		CA62D0702C6DB72A00A652EA /* Comment */ = {
			isa = PBXGroup;
			children = (
				CA62D06E2C6DB72500A652EA /* CommentManager.swift */,
				CA56F23D2C7259FE00F4980D /* CommentManager+Reply.swift */,
			);
			path = Comment;
			sourceTree = "<group>";
		};
		CA62D0772C6DC59300A652EA /* Date+ */ = {
			isa = PBXGroup;
			children = (
				CA62D0752C6DC58F00A652EA /* Date+RelativeTimeString.swift */,
			);
			path = "Date+";
			sourceTree = "<group>";
		};
		CA6609BF2C4D4C5F0091091F /* View */ = {
			isa = PBXGroup;
			children = (
				CA83A4902C4CB74B004F06E7 /* LoginView.swift */,
			);
			path = View;
			sourceTree = "<group>";
		};
		CA6609C02C4D4C650091091F /* ViewModel */ = {
			isa = PBXGroup;
			children = (
				CA6609BD2C4D4C580091091F /* LoginViewModel.swift */,
				CAE601642C50FCB80013413C /* LoginViewModel+Kakao.swift */,
				CA8EDE902C5356A500641983 /* LoginViewModel+Apple.swift */,
			);
			path = ViewModel;
			sourceTree = "<group>";
		};
		CA6AAC1F2C4B8CA10045449E = {
			isa = PBXGroup;
			children = (
				CA6AAC2A2C4B8CA10045449E /* ShareBook */,
				CA6AAC292C4B8CA10045449E /* Products */,
			);
			sourceTree = "<group>";
		};
		CA6AAC292C4B8CA10045449E /* Products */ = {
			isa = PBXGroup;
			children = (
				CA6AAC282C4B8CA10045449E /* ShareBook.app */,
			);
			name = Products;
			sourceTree = "<group>";
		};
		CA6AAC2A2C4B8CA10045449E /* ShareBook */ = {
			isa = PBXGroup;
			children = (
				CA8EDE8F2C534D7600641983 /* ShareBook.entitlements */,
				CA450DB32C8398A900BCCC0E /* fullGirl3D.splineswift */,
				CA450DB12C8397B300BCCC0E /* girl3D.splineswift */,
				CAE601632C50F6570013413C /* Info.plist */,
				CA6AAC2B2C4B8CA10045449E /* ShareBookApp.swift */,
				CA6AAC2D2C4B8CA10045449E /* ContentView.swift */,
				CABE31C62C4CADA60010AC20 /* MainTabView.swift */,
				CA3221DE2C7C297B003658B3 /* Router */,
				CA83A48F2C4CB6FE004F06E7 /* Manager */,
				CA6AAC3A2C4B8E600045449E /* VVM */,
				CA6AAC392C4B8E580045449E /* Model */,
				CAD0F36D2C4DFB70006ABFD1 /* Component */,
				CA20A8122C7CC804008F3E8B /* Enum */,
				CA6AAC2F2C4B8CA20045449E /* Assets.xcassets */,
				CABE31B82C4CAA450010AC20 /* GoogleService-Info.plist */,
				CA6AAC312C4B8CA20045449E /* Preview Content */,
				CAE601662C51005B0013413C /* Config.xcconfig */,
				CAE601672C5100FA0013413C /* .gitignore */,
			);
			path = ShareBook;
			sourceTree = "<group>";
		};
		CA6AAC312C4B8CA20045449E /* Preview Content */ = {
			isa = PBXGroup;
			children = (
				CA6AAC322C4B8CA20045449E /* Preview Assets.xcassets */,
			);
			path = "Preview Content";
			sourceTree = "<group>";
		};
		CA6AAC392C4B8E580045449E /* Model */ = {
			isa = PBXGroup;
			children = (
				CA6609BB2C4D4BE30091091F /* User.swift */,
				CAA4BE6F2C7A572900611C2D /* UserLikePost.swift */,
				CAA0C5FE2C54B38600E7433D /* Book.swift */,
				CAA0C6002C54B39300E7433D /* BookList.swift */,
				CA0846D62C608BBE00D86A91 /* Post.swift */,
				CA62D0732C6DB8D300A652EA /* Comment.swift */,
				CA7C5E452C81F156000F9F2B /* Feedback.swift */,
				CAC3549A2C81FCCE00EEA8F9 /* Report.swift */,
			);
			path = Model;
			sourceTree = "<group>";
		};
		CA6AAC3A2C4B8E600045449E /* VVM */ = {
			isa = PBXGroup;
			children = (
				CA10A6C92C7A9CC500EE5A82 /* Auth */,
				CA0846D12C607D2F00D86A91 /* MainTab */,
				CA3E7B322C78D83D00F610A4 /* Common */,
			);
			path = VVM;
			sourceTree = "<group>";
		};
		CA6AC97F2C53CA3D00703DB5 /* View */ = {
			isa = PBXGroup;
			children = (
				CABE31C82C4CAE170010AC20 /* ProfileView.swift */,
				CA84D1A22C808E4E00F2A910 /* ProfileEditView.swift */,
				CAC354A02C822AA400EEA8F9 /* ProfileEditPostPickerView.swift */,
				CA84D1A62C80A21100F2A910 /* ProfileOptionView.swift */,
				CA7C5E492C81F34F000F9F2B /* Feedback */,
			);
			path = View;
			sourceTree = "<group>";
		};
		CA6AC9802C53CA4100703DB5 /* ViewModel */ = {
			isa = PBXGroup;
			children = (
				CA6AC97D2C53CA3900703DB5 /* ProfileViewModel.swift */,
				CA7C5E4C2C81F35E000F9F2B /* Feedback */,
			);
			path = ViewModel;
			sourceTree = "<group>";
		};
		CA70E7F92C785E7000E3B91B /* View */ = {
			isa = PBXGroup;
			children = (
				CA70E7F52C785E6400E3B91B /* LikeView.swift */,
				CA70E7FD2C785EAD00E3B91B /* LikePost */,
				CA70E8032C785EDE00E3B91B /* BookmarkBook */,
			);
			path = View;
			sourceTree = "<group>";
		};
		CA70E7FA2C785E7400E3B91B /* ViewModel */ = {
			isa = PBXGroup;
			children = (
				CA70E8002C785EC700E3B91B /* LikePosts */,
				CA70E8062C785F0500E3B91B /* BookmarkBooks */,
			);
			path = ViewModel;
			sourceTree = "<group>";
		};
		CA70E7FD2C785EAD00E3B91B /* LikePost */ = {
			isa = PBXGroup;
			children = (
				CA70E7FB2C785EA100E3B91B /* LikePostView.swift */,
			);
			path = LikePost;
			sourceTree = "<group>";
		};
		CA70E8002C785EC700E3B91B /* LikePosts */ = {
			isa = PBXGroup;
			children = (
				CA70E7FE2C785EC300E3B91B /* LikePostViewModel.swift */,
			);
			path = LikePosts;
			sourceTree = "<group>";
		};
		CA70E8032C785EDE00E3B91B /* BookmarkBook */ = {
			isa = PBXGroup;
			children = (
				CA70E8012C785ED600E3B91B /* BookmarkBookView.swift */,
			);
			path = BookmarkBook;
			sourceTree = "<group>";
		};
		CA70E8062C785F0500E3B91B /* BookmarkBooks */ = {
			isa = PBXGroup;
			children = (
				CA70E8042C785EF100E3B91B /* BookmarkBookViewModel.swift */,
			);
			path = BookmarkBooks;
			sourceTree = "<group>";
		};
		CA7C5E422C81F076000F9F2B /* UserSupportService */ = {
			isa = PBXGroup;
			children = (
				CA7C5E432C81F0B6000F9F2B /* UserSupportService.swift */,
			);
			path = UserSupportService;
			sourceTree = "<group>";
		};
		CA7C5E492C81F34F000F9F2B /* Feedback */ = {
			isa = PBXGroup;
			children = (
				CA7C5E472C81F34C000F9F2B /* FeedbackView.swift */,
			);
			path = Feedback;
			sourceTree = "<group>";
		};
		CA7C5E4C2C81F35E000F9F2B /* Feedback */ = {
			isa = PBXGroup;
			children = (
				CA7C5E4A2C81F35C000F9F2B /* FeedbackViewModel.swift */,
			);
			path = Feedback;
			sourceTree = "<group>";
		};
		CA83A48E2C4CB584004F06E7 /* Like */ = {
			isa = PBXGroup;
			children = (
				CA70E7F92C785E7000E3B91B /* View */,
				CA70E7FA2C785E7400E3B91B /* ViewModel */,
			);
			path = Like;
			sourceTree = "<group>";
		};
		CA83A48F2C4CB6FE004F06E7 /* Manager */ = {
			isa = PBXGroup;
			children = (
				CAD01ED82C5F4A29001E479F /* Auth */,
				CAD01ED92C5F4A3A001E479F /* Image */,
				CAD01EDB2C5F4A47001E479F /* Book */,
				CAC354A62C823ACC00EEA8F9 /* Profile */,
				CAB2E9952C69FB55006E1063 /* Post */,
				CA62D0702C6DB72A00A652EA /* Comment */,
				CA7C5E422C81F076000F9F2B /* UserSupportService */,
				CAD01EDC2C5F4A5E001E479F /* Jwt */,
			);
			path = Manager;
			sourceTree = "<group>";
		};
		CA83A4922C4CB74F004F06E7 /* Login */ = {
			isa = PBXGroup;
			children = (
				CA6609BF2C4D4C5F0091091F /* View */,
				CA6609C02C4D4C650091091F /* ViewModel */,
			);
			path = Login;
			sourceTree = "<group>";
		};
		CAA0C5F32C549FBD00E7433D /* NewPost */ = {
			isa = PBXGroup;
			children = (
				CAA0C6082C54BB4300E7433D /* View */,
				CAA0C6092C54BB4800E7433D /* ViewModel */,
			);
			path = NewPost;
			sourceTree = "<group>";
		};
		CAA0C6082C54BB4300E7433D /* View */ = {
			isa = PBXGroup;
			children = (
				CAA0C5F42C549FE300E7433D /* NewPostView.swift */,
				CA10EEC12C60CC4700901979 /* NewPostUploadPostView.swift */,
			);
			path = View;
			sourceTree = "<group>";
		};
		CAA0C6092C54BB4800E7433D /* ViewModel */ = {
			isa = PBXGroup;
			children = (
				CAA0C6062C54B82C00E7433D /* NewPostViewModel.swift */,
				CA10EEC42C60CC6400901979 /* NewPostUploadPostViewModel.swift */,
			);
			path = ViewModel;
			sourceTree = "<group>";
		};
		CAA235822C81D58A009875A4 /* Capsule */ = {
			isa = PBXGroup;
			children = (
				CAA235802C81D525009875A4 /* CommentSheetCapsule.swift */,
				CA3A8D8E2C8C933C0032ECB6 /* MainTabCapsule.swift */,
			);
			path = Capsule;
			sourceTree = "<group>";
		};
		CAB2E9952C69FB55006E1063 /* Post */ = {
			isa = PBXGroup;
			children = (
				CAB2E9932C69FB52006E1063 /* PostManager.swift */,
				CA3A8D8C2C8C660E0032ECB6 /* PostManager+Search.swift */,
				CA66D5862C6E2D35000DCAC2 /* PostManager+Like.swift */,
			);
			path = Post;
			sourceTree = "<group>";
		};
		CABE31CE2C4CAE690010AC20 /* Profile */ = {
			isa = PBXGroup;
			children = (
				CA6AC97F2C53CA3D00703DB5 /* View */,
				CA6AC9802C53CA4100703DB5 /* ViewModel */,
			);
			path = Profile;
			sourceTree = "<group>";
		};
		CABE31CF2C4CAE700010AC20 /* Home */ = {
			isa = PBXGroup;
			children = (
				CADD907B2C6A55770023C512 /* View */,
				CADD907C2C6A557E0023C512 /* ViewModel */,
			);
			path = Home;
			sourceTree = "<group>";
		};
		CAC330482C4F38CC003C8A71 /* background */ = {
			isa = PBXGroup;
			children = (
				CAD0F3762C4E1B9C006ABFD1 /* GradientBackgroundView.swift */,
			);
			path = background;
			sourceTree = "<group>";
		};
		CAC3304B2C4F3902003C8A71 /* Spline3D */ = {
			isa = PBXGroup;
			children = (
				CAC330492C4F38FB003C8A71 /* FullGirl3DView.swift */,
				CAAFE01E2C4FC72600953557 /* Girl3DView.swift */,
				CA2567042C56A060009F13A2 /* Test3DView.swift */,
			);
			path = Spline3D;
			sourceTree = "<group>";
		};
		CAC354A62C823ACC00EEA8F9 /* Profile */ = {
			isa = PBXGroup;
			children = (
				CAC354A72C823AEE00EEA8F9 /* ProfileManager.swift */,
			);
			path = Profile;
			sourceTree = "<group>";
		};
		CAD01ED82C5F4A29001E479F /* Auth */ = {
			isa = PBXGroup;
			children = (
				CA6609C12C4D4C8E0091091F /* AuthManager.swift */,
				CAD01ED62C5F4960001E479F /* AuthManager+SocialLogin.swift */,
				CAEDAB522C5A00B80077883E /* AuthManager+Hash.swift */,
				CA3C5D332C7E102A00C52D0B /* AuthManager+Follow.swift */,
			);
			path = Auth;
			sourceTree = "<group>";
		};
		CAD01ED92C5F4A3A001E479F /* Image */ = {
			isa = PBXGroup;
			children = (
				CAD8FEFD2C53D6900000446B /* ImageManager.swift */,
			);
			path = Image;
			sourceTree = "<group>";
		};
		CAD01EDB2C5F4A47001E479F /* Book */ = {
			isa = PBXGroup;
			children = (
				CAC116DF2C573FB40047E7D4 /* BookManager.swift */,
				CAD01ED42C5F48F6001E479F /* BookManager+Bookmark.swift */,
			);
			path = Book;
			sourceTree = "<group>";
		};
		CAD01EDC2C5F4A5E001E479F /* Jwt */ = {
			isa = PBXGroup;
			children = (
				CA2CA1B02C591682001D8B89 /* JwtManager.swift */,
			);
			path = Jwt;
			sourceTree = "<group>";
		};
		CAD0F3662C4DF2B1006ABFD1 /* Signup */ = {
			isa = PBXGroup;
			children = (
				CAD0F36B2C4DF2DB006ABFD1 /* View */,
				CAD0F36C2C4DF2E5006ABFD1 /* ViewModel */,
			);
			path = Signup;
			sourceTree = "<group>";
		};
		CAD0F36B2C4DF2DB006ABFD1 /* View */ = {
			isa = PBXGroup;
			children = (
				CAD0F3722C4E11C6006ABFD1 /* EnterEmailView.swift */,
				CADBA2F32C4E63CD001C6445 /* EnterPasswordView.swift */,
				CADBA2F72C4E63DF001C6445 /* EnterUsernameView.swift */,
				CADBA2F92C4E63FE001C6445 /* CompleteSignupView.swift */,
			);
			path = View;
			sourceTree = "<group>";
		};
		CAD0F36C2C4DF2E5006ABFD1 /* ViewModel */ = {
			isa = PBXGroup;
			children = (
				CAD0F3692C4DF2D7006ABFD1 /* SignupViewModel.swift */,
			);
			path = ViewModel;
			sourceTree = "<group>";
		};
		CAD0F36D2C4DFB70006ABFD1 /* Component */ = {
			isa = PBXGroup;
			children = (
				CA20A80E2C7CB524008F3E8B /* Splash */,
				CAC330482C4F38CC003C8A71 /* background */,
				CA2146D82C6B175E00BE8C3F /* Color */,
				CA4FC6A72C4E992A00525570 /* Modifier */,
				CA3221E12C7C29A1003658B3 /* TabBar */,
				CAC3304B2C4F3902003C8A71 /* Spline3D */,
				CA62D0772C6DC59300A652EA /* Date+ */,
				CAA235822C81D58A009875A4 /* Capsule */,
			);
			path = Component;
			sourceTree = "<group>";
		};
		CADD907B2C6A55770023C512 /* View */ = {
			isa = PBXGroup;
			children = (
				CABE31CA2C4CAE550010AC20 /* HomeView.swift */,
				CA3A8D882C8C58C60032ECB6 /* PostSearchView.swift */,
			);
			path = View;
			sourceTree = "<group>";
		};
		CADD907C2C6A557E0023C512 /* ViewModel */ = {
			isa = PBXGroup;
			children = (
				CADD90792C6A55740023C512 /* HomeViewModel.swift */,
				CA3A8D8A2C8C58CF0032ECB6 /* PostSearchViewModel.swift */,
			);
			path = ViewModel;
			sourceTree = "<group>";
		};
/* End PBXGroup section */

/* Begin PBXNativeTarget section */
		CA6AAC272C4B8CA10045449E /* ShareBook */ = {
			isa = PBXNativeTarget;
			buildConfigurationList = CA6AAC362C4B8CA20045449E /* Build configuration list for PBXNativeTarget "ShareBook" */;
			buildPhases = (
				CA6AAC242C4B8CA10045449E /* Sources */,
				CA6AAC252C4B8CA10045449E /* Frameworks */,
				CA6AAC262C4B8CA10045449E /* Resources */,
			);
			buildRules = (
			);
			dependencies = (
			);
			name = ShareBook;
			packageProductDependencies = (
				CABE31BB2C4CAB090010AC20 /* FirebaseAuth */,
				CABE31BD2C4CAB090010AC20 /* FirebaseFirestore */,
				CABE31BF2C4CAB090010AC20 /* FirebaseFirestoreSwift */,
				CABE31C12C4CAB090010AC20 /* FirebaseStorage */,
				CABE31C42C4CAD390010AC20 /* Kingfisher */,
				CAC3304D2C4F4327003C8A71 /* SplineRuntime */,
				CAE6015D2C50F5D50013413C /* KakaoSDKAuth */,
				CAE6015F2C50F5D50013413C /* KakaoSDKCommon */,
				CAE601612C50F5D50013413C /* KakaoSDKUser */,
				CAFE2C262C54F655000A3047 /* Alamofire */,
				CAEDAB552C5A015A0077883E /* CryptoSwift */,
				CA8662DF2C8347C000B56983 /* Shimmer */,
			);
			productName = ShareBook;
			productReference = CA6AAC282C4B8CA10045449E /* ShareBook.app */;
			productType = "com.apple.product-type.application";
		};
/* End PBXNativeTarget section */

/* Begin PBXProject section */
		CA6AAC202C4B8CA10045449E /* Project object */ = {
			isa = PBXProject;
			attributes = {
				BuildIndependentTargetsInParallel = 1;
				LastSwiftUpdateCheck = 1540;
				LastUpgradeCheck = 1540;
				TargetAttributes = {
					CA6AAC272C4B8CA10045449E = {
						CreatedOnToolsVersion = 15.4;
					};
				};
			};
			buildConfigurationList = CA6AAC232C4B8CA10045449E /* Build configuration list for PBXProject "ShareBook" */;
			compatibilityVersion = "Xcode 14.0";
			developmentRegion = en;
			hasScannedForEncodings = 0;
			knownRegions = (
				en,
				Base,
			);
			mainGroup = CA6AAC1F2C4B8CA10045449E;
			packageReferences = (
				CABE31BA2C4CAB090010AC20 /* XCRemoteSwiftPackageReference "firebase-ios-sdk" */,
				CABE31C32C4CAD390010AC20 /* XCRemoteSwiftPackageReference "Kingfisher" */,
				CAC3304C2C4F4327003C8A71 /* XCRemoteSwiftPackageReference "spline-ios" */,
				CAE6015C2C50F5D50013413C /* XCRemoteSwiftPackageReference "kakao-ios-sdk" */,
				CAFE2C252C54F655000A3047 /* XCRemoteSwiftPackageReference "Alamofire" */,
				CAEDAB542C5A015A0077883E /* XCRemoteSwiftPackageReference "CryptoSwift" */,
				CA8662DE2C8347C000B56983 /* XCRemoteSwiftPackageReference "SwiftUI-Shimmer" */,
			);
			productRefGroup = CA6AAC292C4B8CA10045449E /* Products */;
			projectDirPath = "";
			projectRoot = "";
			targets = (
				CA6AAC272C4B8CA10045449E /* ShareBook */,
			);
		};
/* End PBXProject section */

/* Begin PBXResourcesBuildPhase section */
		CA6AAC262C4B8CA10045449E /* Resources */ = {
			isa = PBXResourcesBuildPhase;
			buildActionMask = 2147483647;
			files = (
				CA450DB42C8398A900BCCC0E /* fullGirl3D.splineswift in Resources */,
				CA450DB22C8397B300BCCC0E /* girl3D.splineswift in Resources */,
				CAE601682C5100FA0013413C /* .gitignore in Resources */,
				CA6AAC332C4B8CA20045449E /* Preview Assets.xcassets in Resources */,
				CA6AAC302C4B8CA20045449E /* Assets.xcassets in Resources */,
				CABE31B92C4CAA450010AC20 /* GoogleService-Info.plist in Resources */,
			);
			runOnlyForDeploymentPostprocessing = 0;
		};
/* End PBXResourcesBuildPhase section */

/* Begin PBXSourcesBuildPhase section */
		CA6AAC242C4B8CA10045449E /* Sources */ = {
			isa = PBXSourcesBuildPhase;
			buildActionMask = 2147483647;
			files = (
				CA32836D2C8DEDE60015C294 /* MainCustomTabView.swift in Sources */,
				CA2FDAC92C73AD5C00D8C4D6 /* CommentListViewModel+Reply.swift in Sources */,
				CA3E7B312C78CBD300F610A4 /* LikesHeadTabView.swift in Sources */,
				CAC3549B2C81FCCE00EEA8F9 /* Report.swift in Sources */,
				CA7C5E462C81F156000F9F2B /* Feedback.swift in Sources */,
				CA70E7F62C785E6400E3B91B /* LikeView.swift in Sources */,
				CA70E8022C785ED600E3B91B /* BookmarkBookView.swift in Sources */,
				CA3139AE2C778599001AF2AE /* MoreOptionsViewModel.swift in Sources */,
				CA3A8D8D2C8C660E0032ECB6 /* PostManager+Search.swift in Sources */,
				CA66D5872C6E2D35000DCAC2 /* PostManager+Like.swift in Sources */,
				CAAFE01F2C4FC72600953557 /* Girl3DView.swift in Sources */,
				CA56F23E2C7259FE00F4980D /* CommentManager+Reply.swift in Sources */,
				CA2CA1B12C591682001D8B89 /* JwtManager.swift in Sources */,
				CA20A81A2C7CC93A008F3E8B /* Genre.swift in Sources */,
				CABE31C92C4CAE170010AC20 /* ProfileView.swift in Sources */,
				CA3CA9082C7A110E007F2EDC /* PostDetailView.swift in Sources */,
				CAA235812C81D525009875A4 /* CommentSheetCapsule.swift in Sources */,
				CAA0C6072C54B82C00E7433D /* NewPostViewModel.swift in Sources */,
				CA512E262C7D9E6700995C69 /* PostProfileCoverView.swift in Sources */,
				CA2146DA2C6B177900BE8C3F /* TitleColor.swift in Sources */,
				CA70E7FC2C785EA100E3B91B /* LikePostView.swift in Sources */,
				CA3CA9042C7A104F007F2EDC /* PostViewModel+Like.swift in Sources */,
				CA3221E02C7C2992003658B3 /* NavRouter.swift in Sources */,
				CA0846D72C608BBE00D86A91 /* Post.swift in Sources */,
				CA62D0762C6DC58F00A652EA /* Date+RelativeTimeString.swift in Sources */,
				CA62D0722C6DB7DA00A652EA /* CommentView.swift in Sources */,
				CAA4BE702C7A572900611C2D /* UserLikePost.swift in Sources */,
				CAD01ED52C5F48F6001E479F /* BookManager+Bookmark.swift in Sources */,
				CAEDAB532C5A00B80077883E /* AuthManager+Hash.swift in Sources */,
				CA6AAC2E2C4B8CA10045449E /* ContentView.swift in Sources */,
				CA62D0742C6DB8D300A652EA /* Comment.swift in Sources */,
				CADBA2FA2C4E63FE001C6445 /* CompleteSignupView.swift in Sources */,
				CA10EEC22C60CC4700901979 /* NewPostUploadPostView.swift in Sources */,
				CAD0F3752C4E1618006ABFD1 /* ItalicFontModifier.swift in Sources */,
				CA7DD0012C8E16BF00BE518C /* LightBlueColor.swift in Sources */,
				CAA0C6012C54B39300E7433D /* BookList.swift in Sources */,
				CA7C5E4B2C81F35C000F9F2B /* FeedbackViewModel.swift in Sources */,
				CA6AC97E2C53CA3900703DB5 /* ProfileViewModel.swift in Sources */,
				CA9A3FA42C78B6CB00804B8E /* BookCoverView.swift in Sources */,
				CAD8FEFE2C53D6900000446B /* ImageManager.swift in Sources */,
				CA6AAC2C2C4B8CA10045449E /* ShareBookApp.swift in Sources */,
				CA3A8D892C8C58C60032ECB6 /* PostSearchView.swift in Sources */,
				CADBA2F82C4E63DF001C6445 /* EnterUsernameView.swift in Sources */,
				CA2567052C56A060009F13A2 /* Test3DView.swift in Sources */,
				CACD58852C73096E0070593A /* CommentReplyView.swift in Sources */,
				CA70E8052C785EF100E3B91B /* BookmarkBookViewModel.swift in Sources */,
				CAC3304A2C4F38FB003C8A71 /* FullGirl3DView.swift in Sources */,
				CA10EEC52C60CC6400901979 /* NewPostUploadPostViewModel.swift in Sources */,
				CAA0C5FF2C54B38600E7433D /* Book.swift in Sources */,
				CAC116E02C573FB40047E7D4 /* BookManager.swift in Sources */,
				CA7C5E442C81F0B6000F9F2B /* UserSupportService.swift in Sources */,
				CA6609BC2C4D4BE30091091F /* User.swift in Sources */,
				CA20A81C2C7CC9ED008F3E8B /* ImagePath.swift in Sources */,
				CA8EDE912C5356A500641983 /* LoginViewModel+Apple.swift in Sources */,
				CAC3549F2C821E9E00EEA8F9 /* TileModifier.swift in Sources */,
				CA20A8162C7CC84A008F3E8B /* LikeTab.swift in Sources */,
				CAA0C5F52C549FE300E7433D /* NewPostView.swift in Sources */,
				CAD0F36A2C4DF2D7006ABFD1 /* SignupViewModel.swift in Sources */,
				CABE31CB2C4CAE550010AC20 /* HomeView.swift in Sources */,
				CA20A8142C7CC824008F3E8B /* HttpMethod.swift in Sources */,
				CAC354A32C8234F400EEA8F9 /* PostProfileCoverContentView.swift in Sources */,
				CA4FC6AD2C4EC3BC00525570 /* BackButtonModifier.swift in Sources */,
				CAD0F3772C4E1B9C006ABFD1 /* GradientBackgroundView.swift in Sources */,
				CAD01ED72C5F4960001E479F /* AuthManager+SocialLogin.swift in Sources */,
				CA4FC6A92C4E993B00525570 /* AuthViewButtonModifier.swift in Sources */,
				CA83A4912C4CB74B004F06E7 /* LoginView.swift in Sources */,
				CA84D1A12C80875A00F2A910 /* BookCoverContentView.swift in Sources */,
				CA7C5E482C81F34C000F9F2B /* FeedbackView.swift in Sources */,
				CA84D1A32C808E4E00F2A910 /* ProfileEditView.swift in Sources */,
				CAC354A12C822AA400EEA8F9 /* ProfileEditPostPickerView.swift in Sources */,
				CAD0F3732C4E11C6006ABFD1 /* EnterEmailView.swift in Sources */,
				CACD58832C7307020070593A /* CommentViewModel.swift in Sources */,
				CAE601652C50FCB90013413C /* LoginViewModel+Kakao.swift in Sources */,
				CA3A8D8F2C8C933C0032ECB6 /* MainTabCapsule.swift in Sources */,
				CA70E7FF2C785EC300E3B91B /* LikePostViewModel.swift in Sources */,
				CADD907A2C6A55740023C512 /* HomeViewModel.swift in Sources */,
				CAC3549D2C8214DA00EEA8F9 /* InViewButtonModifier.swift in Sources */,
				CA6609C22C4D4C8E0091091F /* AuthManager.swift in Sources */,
				CA3CA9002C7A0FEB007F2EDC /* PostViewModel.swift in Sources */,
				CA84D1A72C80A21100F2A910 /* ProfileOptionView.swift in Sources */,
				CAE6015B2C5096D30013413C /* SplashView.swift in Sources */,
				CA6609BE2C4D4C590091091F /* LoginViewModel.swift in Sources */,
				CA4FC6A62C4E987100525570 /* TextFieldModifier.swift in Sources */,
				CADBA2F42C4E63CD001C6445 /* EnterPasswordView.swift in Sources */,
				CA3C5D342C7E102A00C52D0B /* AuthManager+Follow.swift in Sources */,
				CAB7FE422C73B73500A2D967 /* CommentListView.swift in Sources */,
				CA20A81E2C7CCA0B008F3E8B /* NavStackView.swift in Sources */,
				CAB2E9942C69FB52006E1063 /* PostManager.swift in Sources */,
				CA3CA9062C7A1059007F2EDC /* PostViewModel+Comment.swift in Sources */,
				CA9A3FA92C78B77300804B8E /* BookDetailView.swift in Sources */,
				CA9A3FA72C78B74500804B8E /* BookViewModel.swift in Sources */,
				CABE31C72C4CADA60010AC20 /* MainTabView.swift in Sources */,
				CA3139AB2C77766B001AF2AE /* MoreOptionsView.swift in Sources */,
				CA3A8D8B2C8C58CF0032ECB6 /* PostSearchViewModel.swift in Sources */,
				CA62D06F2C6DB72500A652EA /* CommentManager.swift in Sources */,
				CAC354A82C823AEE00EEA8F9 /* ProfileManager.swift in Sources */,
				CA1126B82C6D27CF009277F3 /* CommentListViewModel.swift in Sources */,
				CA3CA8FE2C7A0FBB007F2EDC /* PostCoverView.swift in Sources */,
				CA20A8182C7CC8F9008F3E8B /* MainTab.swift in Sources */,
			);
			runOnlyForDeploymentPostprocessing = 0;
		};
/* End PBXSourcesBuildPhase section */

/* Begin XCBuildConfiguration section */
		CA6AAC342C4B8CA20045449E /* Debug */ = {
			isa = XCBuildConfiguration;
			baseConfigurationReference = CAE601662C51005B0013413C /* Config.xcconfig */;
			buildSettings = {
				ALWAYS_SEARCH_USER_PATHS = NO;
				ASSETCATALOG_COMPILER_GENERATE_SWIFT_ASSET_SYMBOL_EXTENSIONS = YES;
				CLANG_ANALYZER_NONNULL = YES;
				CLANG_ANALYZER_NUMBER_OBJECT_CONVERSION = YES_AGGRESSIVE;
				CLANG_CXX_LANGUAGE_STANDARD = "gnu++20";
				CLANG_ENABLE_MODULES = YES;
				CLANG_ENABLE_OBJC_ARC = YES;
				CLANG_ENABLE_OBJC_WEAK = YES;
				CLANG_WARN_BLOCK_CAPTURE_AUTORELEASING = YES;
				CLANG_WARN_BOOL_CONVERSION = YES;
				CLANG_WARN_COMMA = YES;
				CLANG_WARN_CONSTANT_CONVERSION = YES;
				CLANG_WARN_DEPRECATED_OBJC_IMPLEMENTATIONS = YES;
				CLANG_WARN_DIRECT_OBJC_ISA_USAGE = YES_ERROR;
				CLANG_WARN_DOCUMENTATION_COMMENTS = YES;
				CLANG_WARN_EMPTY_BODY = YES;
				CLANG_WARN_ENUM_CONVERSION = YES;
				CLANG_WARN_INFINITE_RECURSION = YES;
				CLANG_WARN_INT_CONVERSION = YES;
				CLANG_WARN_NON_LITERAL_NULL_CONVERSION = YES;
				CLANG_WARN_OBJC_IMPLICIT_RETAIN_SELF = YES;
				CLANG_WARN_OBJC_LITERAL_CONVERSION = YES;
				CLANG_WARN_OBJC_ROOT_CLASS = YES_ERROR;
				CLANG_WARN_QUOTED_INCLUDE_IN_FRAMEWORK_HEADER = YES;
				CLANG_WARN_RANGE_LOOP_ANALYSIS = YES;
				CLANG_WARN_STRICT_PROTOTYPES = YES;
				CLANG_WARN_SUSPICIOUS_MOVE = YES;
				CLANG_WARN_UNGUARDED_AVAILABILITY = YES_AGGRESSIVE;
				CLANG_WARN_UNREACHABLE_CODE = YES;
				CLANG_WARN__DUPLICATE_METHOD_MATCH = YES;
				COPY_PHASE_STRIP = NO;
				DEBUG_INFORMATION_FORMAT = dwarf;
				ENABLE_STRICT_OBJC_MSGSEND = YES;
				ENABLE_TESTABILITY = YES;
				ENABLE_USER_SCRIPT_SANDBOXING = YES;
				GCC_C_LANGUAGE_STANDARD = gnu17;
				GCC_DYNAMIC_NO_PIC = NO;
				GCC_NO_COMMON_BLOCKS = YES;
				GCC_OPTIMIZATION_LEVEL = 0;
				GCC_PREPROCESSOR_DEFINITIONS = (
					"DEBUG=1",
					"$(inherited)",
				);
				GCC_WARN_64_TO_32_BIT_CONVERSION = YES;
				GCC_WARN_ABOUT_RETURN_TYPE = YES_ERROR;
				GCC_WARN_UNDECLARED_SELECTOR = YES;
				GCC_WARN_UNINITIALIZED_AUTOS = YES_AGGRESSIVE;
				GCC_WARN_UNUSED_FUNCTION = YES;
				GCC_WARN_UNUSED_VARIABLE = YES;
				IPHONEOS_DEPLOYMENT_TARGET = 17.5;
				LOCALIZATION_PREFERS_STRING_CATALOGS = YES;
				MTL_ENABLE_DEBUG_INFO = INCLUDE_SOURCE;
				MTL_FAST_MATH = YES;
				ONLY_ACTIVE_ARCH = YES;
				SDKROOT = iphoneos;
				SWIFT_ACTIVE_COMPILATION_CONDITIONS = "DEBUG $(inherited)";
				SWIFT_OPTIMIZATION_LEVEL = "-Onone";
			};
			name = Debug;
		};
		CA6AAC352C4B8CA20045449E /* Release */ = {
			isa = XCBuildConfiguration;
			baseConfigurationReference = CAE601662C51005B0013413C /* Config.xcconfig */;
			buildSettings = {
				ALWAYS_SEARCH_USER_PATHS = NO;
				ASSETCATALOG_COMPILER_GENERATE_SWIFT_ASSET_SYMBOL_EXTENSIONS = YES;
				CLANG_ANALYZER_NONNULL = YES;
				CLANG_ANALYZER_NUMBER_OBJECT_CONVERSION = YES_AGGRESSIVE;
				CLANG_CXX_LANGUAGE_STANDARD = "gnu++20";
				CLANG_ENABLE_MODULES = YES;
				CLANG_ENABLE_OBJC_ARC = YES;
				CLANG_ENABLE_OBJC_WEAK = YES;
				CLANG_WARN_BLOCK_CAPTURE_AUTORELEASING = YES;
				CLANG_WARN_BOOL_CONVERSION = YES;
				CLANG_WARN_COMMA = YES;
				CLANG_WARN_CONSTANT_CONVERSION = YES;
				CLANG_WARN_DEPRECATED_OBJC_IMPLEMENTATIONS = YES;
				CLANG_WARN_DIRECT_OBJC_ISA_USAGE = YES_ERROR;
				CLANG_WARN_DOCUMENTATION_COMMENTS = YES;
				CLANG_WARN_EMPTY_BODY = YES;
				CLANG_WARN_ENUM_CONVERSION = YES;
				CLANG_WARN_INFINITE_RECURSION = YES;
				CLANG_WARN_INT_CONVERSION = YES;
				CLANG_WARN_NON_LITERAL_NULL_CONVERSION = YES;
				CLANG_WARN_OBJC_IMPLICIT_RETAIN_SELF = YES;
				CLANG_WARN_OBJC_LITERAL_CONVERSION = YES;
				CLANG_WARN_OBJC_ROOT_CLASS = YES_ERROR;
				CLANG_WARN_QUOTED_INCLUDE_IN_FRAMEWORK_HEADER = YES;
				CLANG_WARN_RANGE_LOOP_ANALYSIS = YES;
				CLANG_WARN_STRICT_PROTOTYPES = YES;
				CLANG_WARN_SUSPICIOUS_MOVE = YES;
				CLANG_WARN_UNGUARDED_AVAILABILITY = YES_AGGRESSIVE;
				CLANG_WARN_UNREACHABLE_CODE = YES;
				CLANG_WARN__DUPLICATE_METHOD_MATCH = YES;
				COPY_PHASE_STRIP = NO;
				DEBUG_INFORMATION_FORMAT = "dwarf-with-dsym";
				ENABLE_NS_ASSERTIONS = NO;
				ENABLE_STRICT_OBJC_MSGSEND = YES;
				ENABLE_USER_SCRIPT_SANDBOXING = YES;
				GCC_C_LANGUAGE_STANDARD = gnu17;
				GCC_NO_COMMON_BLOCKS = YES;
				GCC_WARN_64_TO_32_BIT_CONVERSION = YES;
				GCC_WARN_ABOUT_RETURN_TYPE = YES_ERROR;
				GCC_WARN_UNDECLARED_SELECTOR = YES;
				GCC_WARN_UNINITIALIZED_AUTOS = YES_AGGRESSIVE;
				GCC_WARN_UNUSED_FUNCTION = YES;
				GCC_WARN_UNUSED_VARIABLE = YES;
				IPHONEOS_DEPLOYMENT_TARGET = 17.5;
				LOCALIZATION_PREFERS_STRING_CATALOGS = YES;
				MTL_ENABLE_DEBUG_INFO = NO;
				MTL_FAST_MATH = YES;
				SDKROOT = iphoneos;
				SWIFT_COMPILATION_MODE = wholemodule;
				VALIDATE_PRODUCT = YES;
			};
			name = Release;
		};
		CA6AAC372C4B8CA20045449E /* Debug */ = {
			isa = XCBuildConfiguration;
			baseConfigurationReference = CAE601662C51005B0013413C /* Config.xcconfig */;
			buildSettings = {
				ASSETCATALOG_COMPILER_APPICON_NAME = AppIcon;
				ASSETCATALOG_COMPILER_GLOBAL_ACCENT_COLOR_NAME = AccentColor;
				CODE_SIGN_ENTITLEMENTS = ShareBook/ShareBook.entitlements;
				CODE_SIGN_STYLE = Automatic;
				CURRENT_PROJECT_VERSION = 1;
				DEVELOPMENT_ASSET_PATHS = "\"ShareBook/Preview Content\"";
				DEVELOPMENT_TEAM = B3TSGMGBBP;
				ENABLE_PREVIEWS = YES;
				GENERATE_INFOPLIST_FILE = YES;
				INFOPLIST_FILE = ShareBook/Info.plist;
				INFOPLIST_KEY_UIApplicationSceneManifest_Generation = YES;
				INFOPLIST_KEY_UIApplicationSupportsIndirectInputEvents = YES;
				INFOPLIST_KEY_UILaunchScreen_Generation = YES;
				INFOPLIST_KEY_UISupportedInterfaceOrientations_iPad = "UIInterfaceOrientationPortrait UIInterfaceOrientationPortraitUpsideDown UIInterfaceOrientationLandscapeLeft UIInterfaceOrientationLandscapeRight";
				INFOPLIST_KEY_UISupportedInterfaceOrientations_iPhone = "UIInterfaceOrientationPortrait UIInterfaceOrientationLandscapeLeft UIInterfaceOrientationLandscapeRight";
				LD_RUNPATH_SEARCH_PATHS = (
					"$(inherited)",
					"@executable_path/Frameworks",
				);
				MARKETING_VERSION = 1.0;
				PRODUCT_BUNDLE_IDENTIFIER = KHI.ShareBook;
				PRODUCT_NAME = "$(TARGET_NAME)";
				SWIFT_EMIT_LOC_STRINGS = YES;
				SWIFT_VERSION = 5.0;
				TARGETED_DEVICE_FAMILY = "1,2";
			};
			name = Debug;
		};
		CA6AAC382C4B8CA20045449E /* Release */ = {
			isa = XCBuildConfiguration;
			baseConfigurationReference = CAE601662C51005B0013413C /* Config.xcconfig */;
			buildSettings = {
				ASSETCATALOG_COMPILER_APPICON_NAME = AppIcon;
				ASSETCATALOG_COMPILER_GLOBAL_ACCENT_COLOR_NAME = AccentColor;
				CODE_SIGN_ENTITLEMENTS = ShareBook/ShareBook.entitlements;
				CODE_SIGN_STYLE = Automatic;
				CURRENT_PROJECT_VERSION = 1;
				DEVELOPMENT_ASSET_PATHS = "\"ShareBook/Preview Content\"";
				DEVELOPMENT_TEAM = B3TSGMGBBP;
				ENABLE_PREVIEWS = YES;
				GENERATE_INFOPLIST_FILE = YES;
				INFOPLIST_FILE = ShareBook/Info.plist;
				INFOPLIST_KEY_UIApplicationSceneManifest_Generation = YES;
				INFOPLIST_KEY_UIApplicationSupportsIndirectInputEvents = YES;
				INFOPLIST_KEY_UILaunchScreen_Generation = YES;
				INFOPLIST_KEY_UISupportedInterfaceOrientations_iPad = "UIInterfaceOrientationPortrait UIInterfaceOrientationPortraitUpsideDown UIInterfaceOrientationLandscapeLeft UIInterfaceOrientationLandscapeRight";
				INFOPLIST_KEY_UISupportedInterfaceOrientations_iPhone = "UIInterfaceOrientationPortrait UIInterfaceOrientationLandscapeLeft UIInterfaceOrientationLandscapeRight";
				LD_RUNPATH_SEARCH_PATHS = (
					"$(inherited)",
					"@executable_path/Frameworks",
				);
				MARKETING_VERSION = 1.0;
				PRODUCT_BUNDLE_IDENTIFIER = KHI.ShareBook;
				PRODUCT_NAME = "$(TARGET_NAME)";
				SWIFT_EMIT_LOC_STRINGS = YES;
				SWIFT_VERSION = 5.0;
				TARGETED_DEVICE_FAMILY = "1,2";
			};
			name = Release;
		};
/* End XCBuildConfiguration section */

/* Begin XCConfigurationList section */
		CA6AAC232C4B8CA10045449E /* Build configuration list for PBXProject "ShareBook" */ = {
			isa = XCConfigurationList;
			buildConfigurations = (
				CA6AAC342C4B8CA20045449E /* Debug */,
				CA6AAC352C4B8CA20045449E /* Release */,
			);
			defaultConfigurationIsVisible = 0;
			defaultConfigurationName = Release;
		};
		CA6AAC362C4B8CA20045449E /* Build configuration list for PBXNativeTarget "ShareBook" */ = {
			isa = XCConfigurationList;
			buildConfigurations = (
				CA6AAC372C4B8CA20045449E /* Debug */,
				CA6AAC382C4B8CA20045449E /* Release */,
			);
			defaultConfigurationIsVisible = 0;
			defaultConfigurationName = Release;
		};
/* End XCConfigurationList section */

/* Begin XCRemoteSwiftPackageReference section */
		CA8662DE2C8347C000B56983 /* XCRemoteSwiftPackageReference "SwiftUI-Shimmer" */ = {
			isa = XCRemoteSwiftPackageReference;
			repositoryURL = "https://github.com/markiv/SwiftUI-Shimmer";
			requirement = {
				kind = upToNextMajorVersion;
				minimumVersion = 1.5.1;
			};
		};
		CABE31BA2C4CAB090010AC20 /* XCRemoteSwiftPackageReference "firebase-ios-sdk" */ = {
			isa = XCRemoteSwiftPackageReference;
			repositoryURL = "https://github.com/firebase/firebase-ios-sdk";
			requirement = {
				kind = upToNextMajorVersion;
				minimumVersion = 10.29.0;
			};
		};
		CABE31C32C4CAD390010AC20 /* XCRemoteSwiftPackageReference "Kingfisher" */ = {
			isa = XCRemoteSwiftPackageReference;
			repositoryURL = "https://github.com/onevcat/Kingfisher";
			requirement = {
				kind = upToNextMajorVersion;
				minimumVersion = 7.12.0;
			};
		};
		CAC3304C2C4F4327003C8A71 /* XCRemoteSwiftPackageReference "spline-ios" */ = {
			isa = XCRemoteSwiftPackageReference;
			repositoryURL = "https://github.com/splinetool/spline-ios";
			requirement = {
				branch = main;
				kind = branch;
			};
		};
		CAE6015C2C50F5D50013413C /* XCRemoteSwiftPackageReference "kakao-ios-sdk" */ = {
			isa = XCRemoteSwiftPackageReference;
			repositoryURL = "https://github.com/kakao/kakao-ios-sdk";
			requirement = {
				kind = upToNextMajorVersion;
				minimumVersion = 2.22.5;
			};
		};
		CAEDAB542C5A015A0077883E /* XCRemoteSwiftPackageReference "CryptoSwift" */ = {
			isa = XCRemoteSwiftPackageReference;
			repositoryURL = "https://github.com/krzyzanowskim/CryptoSwift";
			requirement = {
				kind = upToNextMajorVersion;
				minimumVersion = 1.8.2;
			};
		};
		CAFE2C252C54F655000A3047 /* XCRemoteSwiftPackageReference "Alamofire" */ = {
			isa = XCRemoteSwiftPackageReference;
			repositoryURL = "https://github.com/Alamofire/Alamofire";
			requirement = {
				kind = upToNextMajorVersion;
				minimumVersion = 5.9.1;
			};
		};
/* End XCRemoteSwiftPackageReference section */

/* Begin XCSwiftPackageProductDependency section */
		CA8662DF2C8347C000B56983 /* Shimmer */ = {
			isa = XCSwiftPackageProductDependency;
			package = CA8662DE2C8347C000B56983 /* XCRemoteSwiftPackageReference "SwiftUI-Shimmer" */;
			productName = Shimmer;
		};
		CABE31BB2C4CAB090010AC20 /* FirebaseAuth */ = {
			isa = XCSwiftPackageProductDependency;
			package = CABE31BA2C4CAB090010AC20 /* XCRemoteSwiftPackageReference "firebase-ios-sdk" */;
			productName = FirebaseAuth;
		};
		CABE31BD2C4CAB090010AC20 /* FirebaseFirestore */ = {
			isa = XCSwiftPackageProductDependency;
			package = CABE31BA2C4CAB090010AC20 /* XCRemoteSwiftPackageReference "firebase-ios-sdk" */;
			productName = FirebaseFirestore;
		};
		CABE31BF2C4CAB090010AC20 /* FirebaseFirestoreSwift */ = {
			isa = XCSwiftPackageProductDependency;
			package = CABE31BA2C4CAB090010AC20 /* XCRemoteSwiftPackageReference "firebase-ios-sdk" */;
			productName = FirebaseFirestoreSwift;
		};
		CABE31C12C4CAB090010AC20 /* FirebaseStorage */ = {
			isa = XCSwiftPackageProductDependency;
			package = CABE31BA2C4CAB090010AC20 /* XCRemoteSwiftPackageReference "firebase-ios-sdk" */;
			productName = FirebaseStorage;
		};
		CABE31C42C4CAD390010AC20 /* Kingfisher */ = {
			isa = XCSwiftPackageProductDependency;
			package = CABE31C32C4CAD390010AC20 /* XCRemoteSwiftPackageReference "Kingfisher" */;
			productName = Kingfisher;
		};
		CAC3304D2C4F4327003C8A71 /* SplineRuntime */ = {
			isa = XCSwiftPackageProductDependency;
			package = CAC3304C2C4F4327003C8A71 /* XCRemoteSwiftPackageReference "spline-ios" */;
			productName = SplineRuntime;
		};
		CAE6015D2C50F5D50013413C /* KakaoSDKAuth */ = {
			isa = XCSwiftPackageProductDependency;
			package = CAE6015C2C50F5D50013413C /* XCRemoteSwiftPackageReference "kakao-ios-sdk" */;
			productName = KakaoSDKAuth;
		};
		CAE6015F2C50F5D50013413C /* KakaoSDKCommon */ = {
			isa = XCSwiftPackageProductDependency;
			package = CAE6015C2C50F5D50013413C /* XCRemoteSwiftPackageReference "kakao-ios-sdk" */;
			productName = KakaoSDKCommon;
		};
		CAE601612C50F5D50013413C /* KakaoSDKUser */ = {
			isa = XCSwiftPackageProductDependency;
			package = CAE6015C2C50F5D50013413C /* XCRemoteSwiftPackageReference "kakao-ios-sdk" */;
			productName = KakaoSDKUser;
		};
		CAEDAB552C5A015A0077883E /* CryptoSwift */ = {
			isa = XCSwiftPackageProductDependency;
			package = CAEDAB542C5A015A0077883E /* XCRemoteSwiftPackageReference "CryptoSwift" */;
			productName = CryptoSwift;
		};
		CAFE2C262C54F655000A3047 /* Alamofire */ = {
			isa = XCSwiftPackageProductDependency;
			package = CAFE2C252C54F655000A3047 /* XCRemoteSwiftPackageReference "Alamofire" */;
			productName = Alamofire;
		};
/* End XCSwiftPackageProductDependency section */
	};
	rootObject = CA6AAC202C4B8CA10045449E /* Project object */;
}
